// !$*UTF8*$!
{
	archiveVersion = 1;
	classes = {
	};
	objectVersion = 48;
	objects = {

/* Begin PBXBuildFile section */
		2C0D2E17DDB82F499EF887F2 /* Pods_Prelens_jinny.framework in Frameworks */ = {isa = PBXBuildFile; fileRef = 31E7505E835A98121FF2B0C3 /* Pods_Prelens_jinny.framework */; };
		7610ADE920597208006AF99B /* ForgotPasswordViewModel.swift in Sources */ = {isa = PBXBuildFile; fileRef = 7610ADE820597208006AF99B /* ForgotPasswordViewModel.swift */; };
		7640C098205A167100F384B4 /* PRForgotPassword.swift in Sources */ = {isa = PBXBuildFile; fileRef = 7640C097205A167100F384B4 /* PRForgotPassword.swift */; };
		7640C09B205B6B9800F384B4 /* ChangePasswordViewModel.swift in Sources */ = {isa = PBXBuildFile; fileRef = 7640C09A205B6B9800F384B4 /* ChangePasswordViewModel.swift */; };
		7642039F204E45DA00ECDD42 /* UIViewController+Extension.swift in Sources */ = {isa = PBXBuildFile; fileRef = 7642039E204E45DA00ECDD42 /* UIViewController+Extension.swift */; };
		765027DF2050D93500618C84 /* PRChangePassWordViewController.swift in Sources */ = {isa = PBXBuildFile; fileRef = 765027DD2050D93500618C84 /* PRChangePassWordViewController.swift */; };
		765027E12050D93500618C84 /* PRChangePassWordViewController.xib in Resources */ = {isa = PBXBuildFile; fileRef = 765027DE2050D93500618C84 /* PRChangePassWordViewController.xib */; };
		765028012051265300618C84 /* PRSettingViewController.swift in Sources */ = {isa = PBXBuildFile; fileRef = 765027FF2051265300618C84 /* PRSettingViewController.swift */; };
		765028032051265300618C84 /* PRSettingViewController.xib in Resources */ = {isa = PBXBuildFile; fileRef = 765028002051265300618C84 /* PRSettingViewController.xib */; };
		765087862057716100199FBB /* SignInViewModel.swift in Sources */ = {isa = PBXBuildFile; fileRef = 765087852057716100199FBB /* SignInViewModel.swift */; };
		76508789205772D200199FBB /* String+Extension.swift in Sources */ = {isa = PBXBuildFile; fileRef = 76508788205772D200199FBB /* String+Extension.swift */; };
		767FF65D204D3ED600EA7DE9 /* PREditProfileViewController.swift in Sources */ = {isa = PBXBuildFile; fileRef = 767FF65B204D3ED600EA7DE9 /* PREditProfileViewController.swift */; };
		767FF65F204D3ED600EA7DE9 /* PREditProfileViewController.xib in Resources */ = {isa = PBXBuildFile; fileRef = 767FF65C204D3ED600EA7DE9 /* PREditProfileViewController.xib */; };
		769A742B205023B700414DFE /* NSObject+Extension.swift in Sources */ = {isa = PBXBuildFile; fileRef = 769A742A205023B700414DFE /* NSObject+Extension.swift */; };
		76A3F0CF2057C5ED007BC21A /* Observable+Operators.swift in Sources */ = {isa = PBXBuildFile; fileRef = 76A3F0CE2057C5ED007BC21A /* Observable+Operators.swift */; };
		76E29B132052654A0039CA45 /* MenuView.swift in Sources */ = {isa = PBXBuildFile; fileRef = 76E29B122052654A0039CA45 /* MenuView.swift */; };
		76E98F5820502FF600555BA1 /* PRProfileViewController.swift in Sources */ = {isa = PBXBuildFile; fileRef = 76E98F5620502FF600555BA1 /* PRProfileViewController.swift */; };
		76E98F5A20502FF600555BA1 /* PRProfileViewController.xib in Resources */ = {isa = PBXBuildFile; fileRef = 76E98F5720502FF600555BA1 /* PRProfileViewController.xib */; };
		B738626C205907AC00C7004D /* StarredHeaderCell.swift in Sources */ = {isa = PBXBuildFile; fileRef = B738626A205907AC00C7004D /* StarredHeaderCell.swift */; };
		B738626D205907AC00C7004D /* StarredHeaderCell.xib in Resources */ = {isa = PBXBuildFile; fileRef = B738626B205907AC00C7004D /* StarredHeaderCell.xib */; };
		B73862702059096700C7004D /* OtherHeaderCell.swift in Sources */ = {isa = PBXBuildFile; fileRef = B738626E2059096700C7004D /* OtherHeaderCell.swift */; };
		B73862712059096700C7004D /* OtherHeaderCell.xib in Resources */ = {isa = PBXBuildFile; fileRef = B738626F2059096700C7004D /* OtherHeaderCell.xib */; };
		B738627420590CE700C7004D /* MembershipFooterCell.swift in Sources */ = {isa = PBXBuildFile; fileRef = B738627220590CE700C7004D /* MembershipFooterCell.swift */; };
		B738627520590CE700C7004D /* MembershipFooterCell.xib in Resources */ = {isa = PBXBuildFile; fileRef = B738627320590CE700C7004D /* MembershipFooterCell.xib */; };
		B7386279205913CD00C7004D /* MembershipDetailVC.swift in Sources */ = {isa = PBXBuildFile; fileRef = B7386277205913CD00C7004D /* MembershipDetailVC.swift */; };
		B738627A205913CD00C7004D /* MembershipDetailVC.xib in Resources */ = {isa = PBXBuildFile; fileRef = B7386278205913CD00C7004D /* MembershipDetailVC.xib */; };
		B75C4173205A4C1200E4A77F /* EmptyMembershipCell.swift in Sources */ = {isa = PBXBuildFile; fileRef = B75C4171205A4C1200E4A77F /* EmptyMembershipCell.swift */; };
		B75C4174205A4C1200E4A77F /* EmptyMembershipCell.xib in Resources */ = {isa = PBXBuildFile; fileRef = B75C4172205A4C1200E4A77F /* EmptyMembershipCell.xib */; };
		B75C4176205A602300E4A77F /* MembershipDetailViewModel.swift in Sources */ = {isa = PBXBuildFile; fileRef = B75C4175205A602300E4A77F /* MembershipDetailViewModel.swift */; };
		B765ECB62057D89E0095B443 /* KeychainManager.swift in Sources */ = {isa = PBXBuildFile; fileRef = B765ECB52057D89E0095B443 /* KeychainManager.swift */; };
		B788664D205A043800096F27 /* Membership.swift in Sources */ = {isa = PBXBuildFile; fileRef = B788664C205A043800096F27 /* Membership.swift */; };
		B7886652205A154700096F27 /* MembershipViewModel.swift in Sources */ = {isa = PBXBuildFile; fileRef = B7886651205A154700096F27 /* MembershipViewModel.swift */; };
		B7886655205A1BDB00096F27 /* Member.swift in Sources */ = {isa = PBXBuildFile; fileRef = B7886654205A1BDB00096F27 /* Member.swift */; };
		B7886657205A1C1600096F27 /* Merchant.swift in Sources */ = {isa = PBXBuildFile; fileRef = B7886656205A1C1600096F27 /* Merchant.swift */; };
		B7886659205A1C3800096F27 /* Logo.swift in Sources */ = {isa = PBXBuildFile; fileRef = B7886658205A1C3800096F27 /* Logo.swift */; };
		B788665B205A1C5800096F27 /* Url.swift in Sources */ = {isa = PBXBuildFile; fileRef = B788665A205A1C5800096F27 /* Url.swift */; };
		B7AC7FD92057A7CD00C0BFCA /* BasePopUpView.swift in Sources */ = {isa = PBXBuildFile; fileRef = B7AC7FD82057A7CD00C0BFCA /* BasePopUpView.swift */; };
		B7AC7FDB2057B60500C0BFCA /* PopUpView.swift in Sources */ = {isa = PBXBuildFile; fileRef = B7AC7FDA2057B60500C0BFCA /* PopUpView.swift */; };
		B7AC7FDD2057B76C00C0BFCA /* UIButton+Extension.swift in Sources */ = {isa = PBXBuildFile; fileRef = B7AC7FDC2057B76C00C0BFCA /* UIButton+Extension.swift */; };
		B7B1BC6D2058CBA20042B3D4 /* Constants.swift in Sources */ = {isa = PBXBuildFile; fileRef = B7B1BC6C2058CBA20042B3D4 /* Constants.swift */; };
		B7B1BC6F2058CBB40042B3D4 /* Enum.swift in Sources */ = {isa = PBXBuildFile; fileRef = B7B1BC6E2058CBB40042B3D4 /* Enum.swift */; };
		B7B1BC732058CFF60042B3D4 /* BaseViewController.swift in Sources */ = {isa = PBXBuildFile; fileRef = B7B1BC722058CFF60042B3D4 /* BaseViewController.swift */; };
		B7B1BC782058D45B0042B3D4 /* SearchMembershipCell.swift in Sources */ = {isa = PBXBuildFile; fileRef = B7B1BC762058D45A0042B3D4 /* SearchMembershipCell.swift */; };
		B7B1BC792058D45B0042B3D4 /* SearchMembershipCell.xib in Resources */ = {isa = PBXBuildFile; fileRef = B7B1BC772058D45B0042B3D4 /* SearchMembershipCell.xib */; };
		B7B1BC7D2058D6F40042B3D4 /* MembershipCell.swift in Sources */ = {isa = PBXBuildFile; fileRef = B7B1BC7B2058D6F40042B3D4 /* MembershipCell.swift */; };
		B7B1BC7E2058D6F40042B3D4 /* MembershipCell.xib in Resources */ = {isa = PBXBuildFile; fileRef = B7B1BC7C2058D6F40042B3D4 /* MembershipCell.xib */; };
		B7B1BC942058D7FA0042B3D4 /* segoeuii.ttf in Resources */ = {isa = PBXBuildFile; fileRef = B7B1BC822058D7FA0042B3D4 /* segoeuii.ttf */; };
		B7B1BC952058D7FA0042B3D4 /* seguili.ttf in Resources */ = {isa = PBXBuildFile; fileRef = B7B1BC832058D7FA0042B3D4 /* seguili.ttf */; };
		B7B1BC962058D7FA0042B3D4 /* OstrichSans-Bold.otf in Resources */ = {isa = PBXBuildFile; fileRef = B7B1BC842058D7FA0042B3D4 /* OstrichSans-Bold.otf */; };
		B7B1BC972058D7FA0042B3D4 /* segoeuil.ttf in Resources */ = {isa = PBXBuildFile; fileRef = B7B1BC852058D7FA0042B3D4 /* segoeuil.ttf */; };
		B7B1BC982058D7FA0042B3D4 /* OstrichSans-Light.otf in Resources */ = {isa = PBXBuildFile; fileRef = B7B1BC862058D7FA0042B3D4 /* OstrichSans-Light.otf */; };
		B7B1BC992058D7FA0042B3D4 /* segoeuiz.ttf in Resources */ = {isa = PBXBuildFile; fileRef = B7B1BC872058D7FA0042B3D4 /* segoeuiz.ttf */; };
		B7B1BC9A2058D7FA0042B3D4 /* seguisli.ttf in Resources */ = {isa = PBXBuildFile; fileRef = B7B1BC882058D7FA0042B3D4 /* seguisli.ttf */; };
		B7B1BC9B2058D7FA0042B3D4 /* segoeuisl.ttf in Resources */ = {isa = PBXBuildFile; fileRef = B7B1BC892058D7FA0042B3D4 /* segoeuisl.ttf */; };
		B7B1BC9C2058D7FA0042B3D4 /* OstrichSans-Heavy.otf in Resources */ = {isa = PBXBuildFile; fileRef = B7B1BC8A2058D7FA0042B3D4 /* OstrichSans-Heavy.otf */; };
		B7B1BC9D2058D7FA0042B3D4 /* ostrich-regular.ttf in Resources */ = {isa = PBXBuildFile; fileRef = B7B1BC8B2058D7FA0042B3D4 /* ostrich-regular.ttf */; };
		B7B1BC9E2058D7FA0042B3D4 /* OstrichSans-Medium.otf in Resources */ = {isa = PBXBuildFile; fileRef = B7B1BC8C2058D7FA0042B3D4 /* OstrichSans-Medium.otf */; };
		B7B1BC9F2058D7FA0042B3D4 /* seguisb.ttf in Resources */ = {isa = PBXBuildFile; fileRef = B7B1BC8D2058D7FA0042B3D4 /* seguisb.ttf */; };
		B7B1BCA02058D7FA0042B3D4 /* OstrichSans-Black.otf in Resources */ = {isa = PBXBuildFile; fileRef = B7B1BC8E2058D7FA0042B3D4 /* OstrichSans-Black.otf */; };
		B7B1BCA12058D7FA0042B3D4 /* segoeuib.ttf in Resources */ = {isa = PBXBuildFile; fileRef = B7B1BC8F2058D7FA0042B3D4 /* segoeuib.ttf */; };
		B7B1BCA22058D7FA0042B3D4 /* seguibl.ttf in Resources */ = {isa = PBXBuildFile; fileRef = B7B1BC902058D7FA0042B3D4 /* seguibl.ttf */; };
		B7B1BCA32058D7FA0042B3D4 /* seguibli.ttf in Resources */ = {isa = PBXBuildFile; fileRef = B7B1BC912058D7FA0042B3D4 /* seguibli.ttf */; };
		B7B1BCA42058D7FA0042B3D4 /* seguisbi.ttf in Resources */ = {isa = PBXBuildFile; fileRef = B7B1BC922058D7FA0042B3D4 /* seguisbi.ttf */; };
		B7B1BCA52058D7FA0042B3D4 /* segoeui.ttf in Resources */ = {isa = PBXBuildFile; fileRef = B7B1BC932058D7FA0042B3D4 /* segoeui.ttf */; };
		BC36E974205846B1006A90A0 /* SignUpViewModel.swift in Sources */ = {isa = PBXBuildFile; fileRef = BC36E973205846B1006A90A0 /* SignUpViewModel.swift */; };
		BC3F1AD4204D19480006A6F5 /* PRBaseView.swift in Sources */ = {isa = PBXBuildFile; fileRef = BC3F1AD3204D19480006A6F5 /* PRBaseView.swift */; };
		BC3F1AD7204D19B10006A6F5 /* PRButtonTabbar.swift in Sources */ = {isa = PBXBuildFile; fileRef = BC3F1AD5204D19B10006A6F5 /* PRButtonTabbar.swift */; };
		BC3F1AD8204D19B10006A6F5 /* PRButtonTabbar.xib in Resources */ = {isa = PBXBuildFile; fileRef = BC3F1AD6204D19B10006A6F5 /* PRButtonTabbar.xib */; };
		BC3F1ADC204D1C1A0006A6F5 /* UIView+Extension.swift in Sources */ = {isa = PBXBuildFile; fileRef = BC3F1ADB204D1C1A0006A6F5 /* UIView+Extension.swift */; };
		BC6E9DB6205A4A4E00C5DF01 /* PRBaseViewXib.swift in Sources */ = {isa = PBXBuildFile; fileRef = BC6E9DB5205A4A4E00C5DF01 /* PRBaseViewXib.swift */; };
		BC6E9DB9205A4AB100C5DF01 /* PRNewBaseVC.swift in Sources */ = {isa = PBXBuildFile; fileRef = BC6E9DB7205A4AB100C5DF01 /* PRNewBaseVC.swift */; };
		BC6E9DBB205A4AB100C5DF01 /* PRNewBaseVC.xib in Resources */ = {isa = PBXBuildFile; fileRef = BC6E9DB8205A4AB100C5DF01 /* PRNewBaseVC.xib */; };
		BC6E9DBF205A529800C5DF01 /* PRTabbarCustom.swift in Sources */ = {isa = PBXBuildFile; fileRef = BC6E9DBD205A529800C5DF01 /* PRTabbarCustom.swift */; };
		BC6E9DC1205A529800C5DF01 /* PRTabbarCustom.xib in Resources */ = {isa = PBXBuildFile; fileRef = BC6E9DBE205A529800C5DF01 /* PRTabbarCustom.xib */; };
		BC770A67204CEE5D0052A285 /* AppDelegate.swift in Sources */ = {isa = PBXBuildFile; fileRef = BC770A66204CEE5D0052A285 /* AppDelegate.swift */; };
		BC770A6E204CEE5D0052A285 /* Assets.xcassets in Resources */ = {isa = PBXBuildFile; fileRef = BC770A6D204CEE5D0052A285 /* Assets.xcassets */; };
		BC770A71204CEE5D0052A285 /* LaunchScreen.storyboard in Resources */ = {isa = PBXBuildFile; fileRef = BC770A6F204CEE5D0052A285 /* LaunchScreen.storyboard */; };
		BC78F4912058D3FC003904E0 /* PRSideMenuVC.swift in Sources */ = {isa = PBXBuildFile; fileRef = BC78F48F2058D3FC003904E0 /* PRSideMenuVC.swift */; };
		BC78F4932058D3FC003904E0 /* PRSideMenuVC.xib in Resources */ = {isa = PBXBuildFile; fileRef = BC78F4902058D3FC003904E0 /* PRSideMenuVC.xib */; };
		BCB04FEB2057E6CC008F929F /* PRMemberShipVC.xib in Resources */ = {isa = PBXBuildFile; fileRef = BCB04FE62057E6CC008F929F /* PRMemberShipVC.xib */; };
		BCB04FEE2057E6CC008F929F /* PRMemberShipVC.swift in Sources */ = {isa = PBXBuildFile; fileRef = BCB04FEA2057E6CC008F929F /* PRMemberShipVC.swift */; };
		BCBC95EC20562BB8004C1985 /* PRForgotPasswordViewController.swift in Sources */ = {isa = PBXBuildFile; fileRef = BCBC95E220562BB8004C1985 /* PRForgotPasswordViewController.swift */; };
		BCBC95ED20562BB8004C1985 /* PRForgotPasswordViewController.xib in Resources */ = {isa = PBXBuildFile; fileRef = BCBC95E320562BB8004C1985 /* PRForgotPasswordViewController.xib */; };
		BCBC95EE20562BB8004C1985 /* PRSignUpViewController.xib in Resources */ = {isa = PBXBuildFile; fileRef = BCBC95E520562BB8004C1985 /* PRSignUpViewController.xib */; };
		BCBC95EF20562BB8004C1985 /* PRSignUpViewController.swift in Sources */ = {isa = PBXBuildFile; fileRef = BCBC95E620562BB8004C1985 /* PRSignUpViewController.swift */; };
		BCBC95F020562BB8004C1985 /* PRSignInViewController.swift in Sources */ = {isa = PBXBuildFile; fileRef = BCBC95E820562BB8004C1985 /* PRSignInViewController.swift */; };
		BCBC95F120562BB8004C1985 /* PRSignInViewController.xib in Resources */ = {isa = PBXBuildFile; fileRef = BCBC95E920562BB8004C1985 /* PRSignInViewController.xib */; };
		BCBC95F220562BB8004C1985 /* PRLoginViewController.xib in Resources */ = {isa = PBXBuildFile; fileRef = BCBC95EA20562BB8004C1985 /* PRLoginViewController.xib */; };
		BCBC95F320562BB8004C1985 /* PRLoginViewController.swift in Sources */ = {isa = PBXBuildFile; fileRef = BCBC95EB20562BB8004C1985 /* PRLoginViewController.swift */; };
		BCBC960220562CE9004C1985 /* PRTabbarMainViewController.swift in Sources */ = {isa = PBXBuildFile; fileRef = BCBC960120562CE9004C1985 /* PRTabbarMainViewController.swift */; };
		BCBC960720562D26004C1985 /* RedeemViewController.swift in Sources */ = {isa = PBXBuildFile; fileRef = BCBC960520562D26004C1985 /* RedeemViewController.swift */; };
		BCBC960820562D26004C1985 /* RedeemViewController.xib in Resources */ = {isa = PBXBuildFile; fileRef = BCBC960620562D26004C1985 /* RedeemViewController.xib */; };
		BCBC961520563012004C1985 /* PRAddSuccessViewController.xib in Resources */ = {isa = PBXBuildFile; fileRef = BCBC961020563012004C1985 /* PRAddSuccessViewController.xib */; };
		BCBC961620563012004C1985 /* PRAddSuccessViewController.swift in Sources */ = {isa = PBXBuildFile; fileRef = BCBC961120563012004C1985 /* PRAddSuccessViewController.swift */; };
		BCBC961720563012004C1985 /* PRAddManualViewController.swift in Sources */ = {isa = PBXBuildFile; fileRef = BCBC961320563012004C1985 /* PRAddManualViewController.swift */; };
		BCBC961820563012004C1985 /* PRAddManualViewController.xib in Resources */ = {isa = PBXBuildFile; fileRef = BCBC961420563012004C1985 /* PRAddManualViewController.xib */; };
		BCBC961A205631ED004C1985 /* Main.storyboard in Resources */ = {isa = PBXBuildFile; fileRef = BCBC9619205631ED004C1985 /* Main.storyboard */; };
		BCD2207D2053E92700EEC31A /* UIImage+Extension.swift in Sources */ = {isa = PBXBuildFile; fileRef = BCD220712053E92600EEC31A /* UIImage+Extension.swift */; };
		BCE3495920565A5000B8C440 /* PRUser.swift in Sources */ = {isa = PBXBuildFile; fileRef = BCE3495820565A5000B8C440 /* PRUser.swift */; };
		BCFC256F204E9F26001988BB /* QRCode.swift in Sources */ = {isa = PBXBuildFile; fileRef = BCFC256E204E9F26001988BB /* QRCode.swift */; };
		D9911854205B7AC100F701ED /* Response.swift in Sources */ = {isa = PBXBuildFile; fileRef = D991184E205B7AC100F701ED /* Response.swift */; };
		D9911855205B7AC100F701ED /* NetworkSession.swift in Sources */ = {isa = PBXBuildFile; fileRef = D991184F205B7AC100F701ED /* NetworkSession.swift */; };
		D9911856205B7AC100F701ED /* Provider.swift in Sources */ = {isa = PBXBuildFile; fileRef = D9911850205B7AC100F701ED /* Provider.swift */; };
		D9911857205B7AC100F701ED /* APIURL.swift in Sources */ = {isa = PBXBuildFile; fileRef = D9911851205B7AC100F701ED /* APIURL.swift */; };
		D9911858205B7AC100F701ED /* Network.swift in Sources */ = {isa = PBXBuildFile; fileRef = D9911852205B7AC100F701ED /* Network.swift */; };
		D9911859205B7AC100F701ED /* ApiError.swift in Sources */ = {isa = PBXBuildFile; fileRef = D9911853205B7AC100F701ED /* ApiError.swift */; };
		D991185C205B7B1800F701ED /* AuthenticationService.swift in Sources */ = {isa = PBXBuildFile; fileRef = D991185B205B7B1800F701ED /* AuthenticationService.swift */; };
		D991185E205B82D900F701ED /* MembershipService.swift in Sources */ = {isa = PBXBuildFile; fileRef = D991185D205B82D900F701ED /* MembershipService.swift */; };
		D9911860205BAB8900F701ED /* ResponseError.swift in Sources */ = {isa = PBXBuildFile; fileRef = D991185F205BAB8900F701ED /* ResponseError.swift */; };
		D9911862205BB0A600F701ED /* PopUpHelper.swift in Sources */ = {isa = PBXBuildFile; fileRef = D9911861205BB0A600F701ED /* PopUpHelper.swift */; };
/* End PBXBuildFile section */

/* Begin PBXFileReference section */
		31E7505E835A98121FF2B0C3 /* Pods_Prelens_jinny.framework */ = {isa = PBXFileReference; explicitFileType = wrapper.framework; includeInIndex = 0; path = Pods_Prelens_jinny.framework; sourceTree = BUILT_PRODUCTS_DIR; };
		564C2604B2DD562F683B9FC9 /* Pods_Prelens_jinnyTests.framework */ = {isa = PBXFileReference; explicitFileType = wrapper.framework; includeInIndex = 0; path = Pods_Prelens_jinnyTests.framework; sourceTree = BUILT_PRODUCTS_DIR; };
		6AF27FE17FB7DA52D171D9B1 /* Pods-Prelens-jinnyTests.debug.xcconfig */ = {isa = PBXFileReference; includeInIndex = 1; lastKnownFileType = text.xcconfig; name = "Pods-Prelens-jinnyTests.debug.xcconfig"; path = "Pods/Target Support Files/Pods-Prelens-jinnyTests/Pods-Prelens-jinnyTests.debug.xcconfig"; sourceTree = "<group>"; };
		7610ADE820597208006AF99B /* ForgotPasswordViewModel.swift */ = {isa = PBXFileReference; lastKnownFileType = sourcecode.swift; path = ForgotPasswordViewModel.swift; sourceTree = "<group>"; };
		7640C097205A167100F384B4 /* PRForgotPassword.swift */ = {isa = PBXFileReference; lastKnownFileType = sourcecode.swift; path = PRForgotPassword.swift; sourceTree = "<group>"; };
		7640C09A205B6B9800F384B4 /* ChangePasswordViewModel.swift */ = {isa = PBXFileReference; lastKnownFileType = sourcecode.swift; path = ChangePasswordViewModel.swift; sourceTree = "<group>"; };
		7642039E204E45DA00ECDD42 /* UIViewController+Extension.swift */ = {isa = PBXFileReference; lastKnownFileType = sourcecode.swift; path = "UIViewController+Extension.swift"; sourceTree = "<group>"; };
		765027DD2050D93500618C84 /* PRChangePassWordViewController.swift */ = {isa = PBXFileReference; lastKnownFileType = sourcecode.swift; path = PRChangePassWordViewController.swift; sourceTree = "<group>"; };
		765027DE2050D93500618C84 /* PRChangePassWordViewController.xib */ = {isa = PBXFileReference; lastKnownFileType = file.xib; path = PRChangePassWordViewController.xib; sourceTree = "<group>"; };
		765027FF2051265300618C84 /* PRSettingViewController.swift */ = {isa = PBXFileReference; lastKnownFileType = sourcecode.swift; path = PRSettingViewController.swift; sourceTree = "<group>"; };
		765028002051265300618C84 /* PRSettingViewController.xib */ = {isa = PBXFileReference; lastKnownFileType = file.xib; path = PRSettingViewController.xib; sourceTree = "<group>"; };
		765087852057716100199FBB /* SignInViewModel.swift */ = {isa = PBXFileReference; lastKnownFileType = sourcecode.swift; path = SignInViewModel.swift; sourceTree = "<group>"; };
		76508788205772D200199FBB /* String+Extension.swift */ = {isa = PBXFileReference; lastKnownFileType = sourcecode.swift; path = "String+Extension.swift"; sourceTree = "<group>"; };
		767FF65B204D3ED600EA7DE9 /* PREditProfileViewController.swift */ = {isa = PBXFileReference; lastKnownFileType = sourcecode.swift; path = PREditProfileViewController.swift; sourceTree = "<group>"; };
		767FF65C204D3ED600EA7DE9 /* PREditProfileViewController.xib */ = {isa = PBXFileReference; lastKnownFileType = file.xib; path = PREditProfileViewController.xib; sourceTree = "<group>"; };
		769A742A205023B700414DFE /* NSObject+Extension.swift */ = {isa = PBXFileReference; lastKnownFileType = sourcecode.swift; path = "NSObject+Extension.swift"; sourceTree = "<group>"; };
		76A3F0CE2057C5ED007BC21A /* Observable+Operators.swift */ = {isa = PBXFileReference; lastKnownFileType = sourcecode.swift; path = "Observable+Operators.swift"; sourceTree = "<group>"; };
		76E29B122052654A0039CA45 /* MenuView.swift */ = {isa = PBXFileReference; lastKnownFileType = sourcecode.swift; path = MenuView.swift; sourceTree = "<group>"; };
		76E98F5620502FF600555BA1 /* PRProfileViewController.swift */ = {isa = PBXFileReference; lastKnownFileType = sourcecode.swift; path = PRProfileViewController.swift; sourceTree = "<group>"; };
		76E98F5720502FF600555BA1 /* PRProfileViewController.xib */ = {isa = PBXFileReference; lastKnownFileType = file.xib; path = PRProfileViewController.xib; sourceTree = "<group>"; };
		B738626A205907AC00C7004D /* StarredHeaderCell.swift */ = {isa = PBXFileReference; lastKnownFileType = sourcecode.swift; path = StarredHeaderCell.swift; sourceTree = "<group>"; };
		B738626B205907AC00C7004D /* StarredHeaderCell.xib */ = {isa = PBXFileReference; lastKnownFileType = file.xib; path = StarredHeaderCell.xib; sourceTree = "<group>"; };
		B738626E2059096700C7004D /* OtherHeaderCell.swift */ = {isa = PBXFileReference; lastKnownFileType = sourcecode.swift; path = OtherHeaderCell.swift; sourceTree = "<group>"; };
		B738626F2059096700C7004D /* OtherHeaderCell.xib */ = {isa = PBXFileReference; lastKnownFileType = file.xib; path = OtherHeaderCell.xib; sourceTree = "<group>"; };
		B738627220590CE700C7004D /* MembershipFooterCell.swift */ = {isa = PBXFileReference; lastKnownFileType = sourcecode.swift; path = MembershipFooterCell.swift; sourceTree = "<group>"; };
		B738627320590CE700C7004D /* MembershipFooterCell.xib */ = {isa = PBXFileReference; lastKnownFileType = file.xib; path = MembershipFooterCell.xib; sourceTree = "<group>"; };
		B7386277205913CD00C7004D /* MembershipDetailVC.swift */ = {isa = PBXFileReference; lastKnownFileType = sourcecode.swift; path = MembershipDetailVC.swift; sourceTree = "<group>"; };
		B7386278205913CD00C7004D /* MembershipDetailVC.xib */ = {isa = PBXFileReference; lastKnownFileType = file.xib; path = MembershipDetailVC.xib; sourceTree = "<group>"; };
		B75C4171205A4C1200E4A77F /* EmptyMembershipCell.swift */ = {isa = PBXFileReference; lastKnownFileType = sourcecode.swift; path = EmptyMembershipCell.swift; sourceTree = "<group>"; };
		B75C4172205A4C1200E4A77F /* EmptyMembershipCell.xib */ = {isa = PBXFileReference; lastKnownFileType = file.xib; path = EmptyMembershipCell.xib; sourceTree = "<group>"; };
		B75C4175205A602300E4A77F /* MembershipDetailViewModel.swift */ = {isa = PBXFileReference; lastKnownFileType = sourcecode.swift; path = MembershipDetailViewModel.swift; sourceTree = "<group>"; };
		B765ECB52057D89E0095B443 /* KeychainManager.swift */ = {isa = PBXFileReference; fileEncoding = 4; lastKnownFileType = sourcecode.swift; path = KeychainManager.swift; sourceTree = "<group>"; };
		B788664C205A043800096F27 /* Membership.swift */ = {isa = PBXFileReference; lastKnownFileType = sourcecode.swift; path = Membership.swift; sourceTree = "<group>"; };
		B7886651205A154700096F27 /* MembershipViewModel.swift */ = {isa = PBXFileReference; lastKnownFileType = sourcecode.swift; path = MembershipViewModel.swift; sourceTree = "<group>"; };
		B7886654205A1BDB00096F27 /* Member.swift */ = {isa = PBXFileReference; lastKnownFileType = sourcecode.swift; path = Member.swift; sourceTree = "<group>"; };
		B7886656205A1C1600096F27 /* Merchant.swift */ = {isa = PBXFileReference; lastKnownFileType = sourcecode.swift; path = Merchant.swift; sourceTree = "<group>"; };
		B7886658205A1C3800096F27 /* Logo.swift */ = {isa = PBXFileReference; lastKnownFileType = sourcecode.swift; path = Logo.swift; sourceTree = "<group>"; };
		B788665A205A1C5800096F27 /* Url.swift */ = {isa = PBXFileReference; lastKnownFileType = sourcecode.swift; path = Url.swift; sourceTree = "<group>"; };
		B7AC7FD82057A7CD00C0BFCA /* BasePopUpView.swift */ = {isa = PBXFileReference; lastKnownFileType = sourcecode.swift; path = BasePopUpView.swift; sourceTree = "<group>"; };
		B7AC7FDA2057B60500C0BFCA /* PopUpView.swift */ = {isa = PBXFileReference; lastKnownFileType = sourcecode.swift; path = PopUpView.swift; sourceTree = "<group>"; };
		B7AC7FDC2057B76C00C0BFCA /* UIButton+Extension.swift */ = {isa = PBXFileReference; lastKnownFileType = sourcecode.swift; path = "UIButton+Extension.swift"; sourceTree = "<group>"; };
		B7B1BC6C2058CBA20042B3D4 /* Constants.swift */ = {isa = PBXFileReference; fileEncoding = 4; lastKnownFileType = sourcecode.swift; path = Constants.swift; sourceTree = "<group>"; };
		B7B1BC6E2058CBB40042B3D4 /* Enum.swift */ = {isa = PBXFileReference; lastKnownFileType = sourcecode.swift; path = Enum.swift; sourceTree = "<group>"; };
		B7B1BC722058CFF60042B3D4 /* BaseViewController.swift */ = {isa = PBXFileReference; lastKnownFileType = sourcecode.swift; path = BaseViewController.swift; sourceTree = "<group>"; };
		B7B1BC762058D45A0042B3D4 /* SearchMembershipCell.swift */ = {isa = PBXFileReference; lastKnownFileType = sourcecode.swift; path = SearchMembershipCell.swift; sourceTree = "<group>"; };
		B7B1BC772058D45B0042B3D4 /* SearchMembershipCell.xib */ = {isa = PBXFileReference; lastKnownFileType = file.xib; path = SearchMembershipCell.xib; sourceTree = "<group>"; };
		B7B1BC7B2058D6F40042B3D4 /* MembershipCell.swift */ = {isa = PBXFileReference; lastKnownFileType = sourcecode.swift; path = MembershipCell.swift; sourceTree = "<group>"; };
		B7B1BC7C2058D6F40042B3D4 /* MembershipCell.xib */ = {isa = PBXFileReference; lastKnownFileType = file.xib; path = MembershipCell.xib; sourceTree = "<group>"; };
		B7B1BC822058D7FA0042B3D4 /* segoeuii.ttf */ = {isa = PBXFileReference; lastKnownFileType = file; path = segoeuii.ttf; sourceTree = "<group>"; };
		B7B1BC832058D7FA0042B3D4 /* seguili.ttf */ = {isa = PBXFileReference; lastKnownFileType = file; path = seguili.ttf; sourceTree = "<group>"; };
		B7B1BC842058D7FA0042B3D4 /* OstrichSans-Bold.otf */ = {isa = PBXFileReference; lastKnownFileType = file; path = "OstrichSans-Bold.otf"; sourceTree = "<group>"; };
		B7B1BC852058D7FA0042B3D4 /* segoeuil.ttf */ = {isa = PBXFileReference; lastKnownFileType = file; path = segoeuil.ttf; sourceTree = "<group>"; };
		B7B1BC862058D7FA0042B3D4 /* OstrichSans-Light.otf */ = {isa = PBXFileReference; lastKnownFileType = file; path = "OstrichSans-Light.otf"; sourceTree = "<group>"; };
		B7B1BC872058D7FA0042B3D4 /* segoeuiz.ttf */ = {isa = PBXFileReference; lastKnownFileType = file; path = segoeuiz.ttf; sourceTree = "<group>"; };
		B7B1BC882058D7FA0042B3D4 /* seguisli.ttf */ = {isa = PBXFileReference; lastKnownFileType = file; path = seguisli.ttf; sourceTree = "<group>"; };
		B7B1BC892058D7FA0042B3D4 /* segoeuisl.ttf */ = {isa = PBXFileReference; lastKnownFileType = file; path = segoeuisl.ttf; sourceTree = "<group>"; };
		B7B1BC8A2058D7FA0042B3D4 /* OstrichSans-Heavy.otf */ = {isa = PBXFileReference; lastKnownFileType = file; path = "OstrichSans-Heavy.otf"; sourceTree = "<group>"; };
		B7B1BC8B2058D7FA0042B3D4 /* ostrich-regular.ttf */ = {isa = PBXFileReference; lastKnownFileType = file; path = "ostrich-regular.ttf"; sourceTree = "<group>"; };
		B7B1BC8C2058D7FA0042B3D4 /* OstrichSans-Medium.otf */ = {isa = PBXFileReference; lastKnownFileType = file; path = "OstrichSans-Medium.otf"; sourceTree = "<group>"; };
		B7B1BC8D2058D7FA0042B3D4 /* seguisb.ttf */ = {isa = PBXFileReference; lastKnownFileType = file; path = seguisb.ttf; sourceTree = "<group>"; };
		B7B1BC8E2058D7FA0042B3D4 /* OstrichSans-Black.otf */ = {isa = PBXFileReference; lastKnownFileType = file; path = "OstrichSans-Black.otf"; sourceTree = "<group>"; };
		B7B1BC8F2058D7FA0042B3D4 /* segoeuib.ttf */ = {isa = PBXFileReference; lastKnownFileType = file; path = segoeuib.ttf; sourceTree = "<group>"; };
		B7B1BC902058D7FA0042B3D4 /* seguibl.ttf */ = {isa = PBXFileReference; lastKnownFileType = file; path = seguibl.ttf; sourceTree = "<group>"; };
		B7B1BC912058D7FA0042B3D4 /* seguibli.ttf */ = {isa = PBXFileReference; lastKnownFileType = file; path = seguibli.ttf; sourceTree = "<group>"; };
		B7B1BC922058D7FA0042B3D4 /* seguisbi.ttf */ = {isa = PBXFileReference; lastKnownFileType = file; path = seguisbi.ttf; sourceTree = "<group>"; };
		B7B1BC932058D7FA0042B3D4 /* segoeui.ttf */ = {isa = PBXFileReference; lastKnownFileType = file; path = segoeui.ttf; sourceTree = "<group>"; };
		BC36E973205846B1006A90A0 /* SignUpViewModel.swift */ = {isa = PBXFileReference; lastKnownFileType = sourcecode.swift; path = SignUpViewModel.swift; sourceTree = "<group>"; };
		BC3F1AD3204D19480006A6F5 /* PRBaseView.swift */ = {isa = PBXFileReference; lastKnownFileType = sourcecode.swift; path = PRBaseView.swift; sourceTree = "<group>"; };
		BC3F1AD5204D19B10006A6F5 /* PRButtonTabbar.swift */ = {isa = PBXFileReference; lastKnownFileType = sourcecode.swift; path = PRButtonTabbar.swift; sourceTree = "<group>"; };
		BC3F1AD6204D19B10006A6F5 /* PRButtonTabbar.xib */ = {isa = PBXFileReference; lastKnownFileType = file.xib; path = PRButtonTabbar.xib; sourceTree = "<group>"; };
		BC3F1ADB204D1C1A0006A6F5 /* UIView+Extension.swift */ = {isa = PBXFileReference; lastKnownFileType = sourcecode.swift; path = "UIView+Extension.swift"; sourceTree = "<group>"; };
		BC6E9DB5205A4A4E00C5DF01 /* PRBaseViewXib.swift */ = {isa = PBXFileReference; lastKnownFileType = sourcecode.swift; path = PRBaseViewXib.swift; sourceTree = "<group>"; };
		BC6E9DB7205A4AB100C5DF01 /* PRNewBaseVC.swift */ = {isa = PBXFileReference; lastKnownFileType = sourcecode.swift; path = PRNewBaseVC.swift; sourceTree = "<group>"; };
		BC6E9DB8205A4AB100C5DF01 /* PRNewBaseVC.xib */ = {isa = PBXFileReference; lastKnownFileType = file.xib; path = PRNewBaseVC.xib; sourceTree = "<group>"; };
		BC6E9DBD205A529800C5DF01 /* PRTabbarCustom.swift */ = {isa = PBXFileReference; lastKnownFileType = sourcecode.swift; path = PRTabbarCustom.swift; sourceTree = "<group>"; };
		BC6E9DBE205A529800C5DF01 /* PRTabbarCustom.xib */ = {isa = PBXFileReference; lastKnownFileType = file.xib; path = PRTabbarCustom.xib; sourceTree = "<group>"; };
		BC770A63204CEE5D0052A285 /* Prelens-jinny.app */ = {isa = PBXFileReference; explicitFileType = wrapper.application; includeInIndex = 0; path = "Prelens-jinny.app"; sourceTree = BUILT_PRODUCTS_DIR; };
		BC770A66204CEE5D0052A285 /* AppDelegate.swift */ = {isa = PBXFileReference; lastKnownFileType = sourcecode.swift; path = AppDelegate.swift; sourceTree = "<group>"; };
		BC770A6D204CEE5D0052A285 /* Assets.xcassets */ = {isa = PBXFileReference; lastKnownFileType = folder.assetcatalog; path = Assets.xcassets; sourceTree = "<group>"; };
		BC770A70204CEE5D0052A285 /* Base */ = {isa = PBXFileReference; lastKnownFileType = file.storyboard; name = Base; path = Base.lproj/LaunchScreen.storyboard; sourceTree = "<group>"; };
		BC770A72204CEE5D0052A285 /* Info.plist */ = {isa = PBXFileReference; lastKnownFileType = text.plist.xml; path = Info.plist; sourceTree = "<group>"; };
		BC770A7B204CEE5D0052A285 /* Prelens_jinnyTests.swift */ = {isa = PBXFileReference; lastKnownFileType = sourcecode.swift; path = Prelens_jinnyTests.swift; sourceTree = "<group>"; };
		BC770A7D204CEE5D0052A285 /* Info.plist */ = {isa = PBXFileReference; lastKnownFileType = text.plist.xml; path = Info.plist; sourceTree = "<group>"; };
		BC78F48F2058D3FC003904E0 /* PRSideMenuVC.swift */ = {isa = PBXFileReference; lastKnownFileType = sourcecode.swift; path = PRSideMenuVC.swift; sourceTree = "<group>"; };
		BC78F4902058D3FC003904E0 /* PRSideMenuVC.xib */ = {isa = PBXFileReference; lastKnownFileType = file.xib; path = PRSideMenuVC.xib; sourceTree = "<group>"; };
		BCB04FE62057E6CC008F929F /* PRMemberShipVC.xib */ = {isa = PBXFileReference; fileEncoding = 4; lastKnownFileType = file.xib; path = PRMemberShipVC.xib; sourceTree = "<group>"; };
		BCB04FEA2057E6CC008F929F /* PRMemberShipVC.swift */ = {isa = PBXFileReference; fileEncoding = 4; lastKnownFileType = sourcecode.swift; path = PRMemberShipVC.swift; sourceTree = "<group>"; };
		BCBC95E220562BB8004C1985 /* PRForgotPasswordViewController.swift */ = {isa = PBXFileReference; fileEncoding = 4; lastKnownFileType = sourcecode.swift; path = PRForgotPasswordViewController.swift; sourceTree = "<group>"; };
		BCBC95E320562BB8004C1985 /* PRForgotPasswordViewController.xib */ = {isa = PBXFileReference; fileEncoding = 4; lastKnownFileType = file.xib; path = PRForgotPasswordViewController.xib; sourceTree = "<group>"; };
		BCBC95E520562BB8004C1985 /* PRSignUpViewController.xib */ = {isa = PBXFileReference; fileEncoding = 4; lastKnownFileType = file.xib; path = PRSignUpViewController.xib; sourceTree = "<group>"; };
		BCBC95E620562BB8004C1985 /* PRSignUpViewController.swift */ = {isa = PBXFileReference; fileEncoding = 4; lastKnownFileType = sourcecode.swift; path = PRSignUpViewController.swift; sourceTree = "<group>"; };
		BCBC95E820562BB8004C1985 /* PRSignInViewController.swift */ = {isa = PBXFileReference; fileEncoding = 4; lastKnownFileType = sourcecode.swift; path = PRSignInViewController.swift; sourceTree = "<group>"; };
		BCBC95E920562BB8004C1985 /* PRSignInViewController.xib */ = {isa = PBXFileReference; fileEncoding = 4; lastKnownFileType = file.xib; path = PRSignInViewController.xib; sourceTree = "<group>"; };
		BCBC95EA20562BB8004C1985 /* PRLoginViewController.xib */ = {isa = PBXFileReference; fileEncoding = 4; lastKnownFileType = file.xib; path = PRLoginViewController.xib; sourceTree = "<group>"; };
		BCBC95EB20562BB8004C1985 /* PRLoginViewController.swift */ = {isa = PBXFileReference; fileEncoding = 4; lastKnownFileType = sourcecode.swift; path = PRLoginViewController.swift; sourceTree = "<group>"; };
		BCBC960120562CE9004C1985 /* PRTabbarMainViewController.swift */ = {isa = PBXFileReference; fileEncoding = 4; lastKnownFileType = sourcecode.swift; path = PRTabbarMainViewController.swift; sourceTree = "<group>"; };
		BCBC960520562D26004C1985 /* RedeemViewController.swift */ = {isa = PBXFileReference; fileEncoding = 4; lastKnownFileType = sourcecode.swift; path = RedeemViewController.swift; sourceTree = "<group>"; };
		BCBC960620562D26004C1985 /* RedeemViewController.xib */ = {isa = PBXFileReference; fileEncoding = 4; lastKnownFileType = file.xib; path = RedeemViewController.xib; sourceTree = "<group>"; };
		BCBC961020563012004C1985 /* PRAddSuccessViewController.xib */ = {isa = PBXFileReference; fileEncoding = 4; lastKnownFileType = file.xib; path = PRAddSuccessViewController.xib; sourceTree = "<group>"; };
		BCBC961120563012004C1985 /* PRAddSuccessViewController.swift */ = {isa = PBXFileReference; fileEncoding = 4; lastKnownFileType = sourcecode.swift; path = PRAddSuccessViewController.swift; sourceTree = "<group>"; };
		BCBC961320563012004C1985 /* PRAddManualViewController.swift */ = {isa = PBXFileReference; fileEncoding = 4; lastKnownFileType = sourcecode.swift; path = PRAddManualViewController.swift; sourceTree = "<group>"; };
		BCBC961420563012004C1985 /* PRAddManualViewController.xib */ = {isa = PBXFileReference; fileEncoding = 4; lastKnownFileType = file.xib; path = PRAddManualViewController.xib; sourceTree = "<group>"; };
		BCBC9619205631ED004C1985 /* Main.storyboard */ = {isa = PBXFileReference; fileEncoding = 4; lastKnownFileType = file.storyboard; path = Main.storyboard; sourceTree = "<group>"; };
		BCD220712053E92600EEC31A /* UIImage+Extension.swift */ = {isa = PBXFileReference; fileEncoding = 4; lastKnownFileType = sourcecode.swift; path = "UIImage+Extension.swift"; sourceTree = "<group>"; };
		BCE3495820565A5000B8C440 /* PRUser.swift */ = {isa = PBXFileReference; lastKnownFileType = sourcecode.swift; path = PRUser.swift; sourceTree = "<group>"; };
		BCFC256E204E9F26001988BB /* QRCode.swift */ = {isa = PBXFileReference; lastKnownFileType = sourcecode.swift; path = QRCode.swift; sourceTree = "<group>"; };
		BE2E5107BAEEE593CE0357A9 /* Pods-Prelens-jinny.release.xcconfig */ = {isa = PBXFileReference; includeInIndex = 1; lastKnownFileType = text.xcconfig; name = "Pods-Prelens-jinny.release.xcconfig"; path = "Pods/Target Support Files/Pods-Prelens-jinny/Pods-Prelens-jinny.release.xcconfig"; sourceTree = "<group>"; };
		C1AE769FDA25B9C573BB58A3 /* Pods-Prelens-jinny.debug.xcconfig */ = {isa = PBXFileReference; includeInIndex = 1; lastKnownFileType = text.xcconfig; name = "Pods-Prelens-jinny.debug.xcconfig"; path = "Pods/Target Support Files/Pods-Prelens-jinny/Pods-Prelens-jinny.debug.xcconfig"; sourceTree = "<group>"; };
		D991184E205B7AC100F701ED /* Response.swift */ = {isa = PBXFileReference; fileEncoding = 4; lastKnownFileType = sourcecode.swift; path = Response.swift; sourceTree = "<group>"; };
		D991184F205B7AC100F701ED /* NetworkSession.swift */ = {isa = PBXFileReference; fileEncoding = 4; lastKnownFileType = sourcecode.swift; path = NetworkSession.swift; sourceTree = "<group>"; };
		D9911850205B7AC100F701ED /* Provider.swift */ = {isa = PBXFileReference; fileEncoding = 4; lastKnownFileType = sourcecode.swift; path = Provider.swift; sourceTree = "<group>"; };
		D9911851205B7AC100F701ED /* APIURL.swift */ = {isa = PBXFileReference; fileEncoding = 4; lastKnownFileType = sourcecode.swift; path = APIURL.swift; sourceTree = "<group>"; };
		D9911852205B7AC100F701ED /* Network.swift */ = {isa = PBXFileReference; fileEncoding = 4; lastKnownFileType = sourcecode.swift; path = Network.swift; sourceTree = "<group>"; };
		D9911853205B7AC100F701ED /* ApiError.swift */ = {isa = PBXFileReference; fileEncoding = 4; lastKnownFileType = sourcecode.swift; path = ApiError.swift; sourceTree = "<group>"; };
		D991185B205B7B1800F701ED /* AuthenticationService.swift */ = {isa = PBXFileReference; fileEncoding = 4; lastKnownFileType = sourcecode.swift; path = AuthenticationService.swift; sourceTree = "<group>"; };
		D991185D205B82D900F701ED /* MembershipService.swift */ = {isa = PBXFileReference; lastKnownFileType = sourcecode.swift; path = MembershipService.swift; sourceTree = "<group>"; };
		D991185F205BAB8900F701ED /* ResponseError.swift */ = {isa = PBXFileReference; lastKnownFileType = sourcecode.swift; path = ResponseError.swift; sourceTree = "<group>"; };
		D9911861205BB0A600F701ED /* PopUpHelper.swift */ = {isa = PBXFileReference; lastKnownFileType = sourcecode.swift; path = PopUpHelper.swift; sourceTree = "<group>"; };
		DC5EF78B9758D472E6EB020D /* Pods-Prelens-jinnyTests.release.xcconfig */ = {isa = PBXFileReference; includeInIndex = 1; lastKnownFileType = text.xcconfig; name = "Pods-Prelens-jinnyTests.release.xcconfig"; path = "Pods/Target Support Files/Pods-Prelens-jinnyTests/Pods-Prelens-jinnyTests.release.xcconfig"; sourceTree = "<group>"; };
/* End PBXFileReference section */

/* Begin PBXFrameworksBuildPhase section */
		BC770A60204CEE5D0052A285 /* Frameworks */ = {
			isa = PBXFrameworksBuildPhase;
			buildActionMask = 2147483647;
			files = (
				2C0D2E17DDB82F499EF887F2 /* Pods_Prelens_jinny.framework in Frameworks */,
			);
			runOnlyForDeploymentPostprocessing = 0;
		};
/* End PBXFrameworksBuildPhase section */

/* Begin PBXGroup section */
		41E1775A7640208EFCC65BDD /* Frameworks */ = {
			isa = PBXGroup;
			children = (
				31E7505E835A98121FF2B0C3 /* Pods_Prelens_jinny.framework */,
				564C2604B2DD562F683B9FC9 /* Pods_Prelens_jinnyTests.framework */,
			);
			name = Frameworks;
			sourceTree = "<group>";
		};
		76469D0120563D4400E2950E /* Models */ = {
			isa = PBXGroup;
			children = (
				B7795902205B75B2005404FC /* Membership */,
				BCE3495820565A5000B8C440 /* PRUser.swift */,
				7640C097205A167100F384B4 /* PRForgotPassword.swift */,
			);
			path = Models;
			sourceTree = "<group>";
		};
		76469D0220563D5500E2950E /* ViewModels */ = {
			isa = PBXGroup;
			children = (
				B7886650205A151100096F27 /* MembershipViewModel */,
				765087812057703900199FBB /* LoginViewModel */,
			);
			path = ViewModels;
			sourceTree = "<group>";
		};
		765087812057703900199FBB /* LoginViewModel */ = {
			isa = PBXGroup;
			children = (
				765087852057716100199FBB /* SignInViewModel.swift */,
				BC36E973205846B1006A90A0 /* SignUpViewModel.swift */,
				7610ADE820597208006AF99B /* ForgotPasswordViewModel.swift */,
				7640C09A205B6B9800F384B4 /* ChangePasswordViewModel.swift */,
			);
			path = LoginViewModel;
			sourceTree = "<group>";
		};
		B73862612058FF1600C7004D /* SubView */ = {
			isa = PBXGroup;
			children = (
				B738626A205907AC00C7004D /* StarredHeaderCell.swift */,
				B738626B205907AC00C7004D /* StarredHeaderCell.xib */,
				B738626E2059096700C7004D /* OtherHeaderCell.swift */,
				B738626F2059096700C7004D /* OtherHeaderCell.xib */,
				B738627220590CE700C7004D /* MembershipFooterCell.swift */,
				B738627320590CE700C7004D /* MembershipFooterCell.xib */,
			);
			path = SubView;
			sourceTree = "<group>";
		};
		B73862762059139000C7004D /* MembershipDetail */ = {
			isa = PBXGroup;
			children = (
				B7386277205913CD00C7004D /* MembershipDetailVC.swift */,
				B7386278205913CD00C7004D /* MembershipDetailVC.xib */,
			);
			path = MembershipDetail;
			sourceTree = "<group>";
		};
		B765ECB42057D81C0095B443 /* LocalPersistence */ = {
			isa = PBXGroup;
			children = (
				B765ECB52057D89E0095B443 /* KeychainManager.swift */,
			);
			path = LocalPersistence;
			sourceTree = "<group>";
		};
		B7795902205B75B2005404FC /* Membership */ = {
			isa = PBXGroup;
			children = (
				B7886653205A1BBC00096F27 /* MembershipHelper */,
				B788664C205A043800096F27 /* Membership.swift */,
			);
			path = Membership;
			sourceTree = "<group>";
		};
		B7886650205A151100096F27 /* MembershipViewModel */ = {
			isa = PBXGroup;
			children = (
				B7886651205A154700096F27 /* MembershipViewModel.swift */,
				B75C4175205A602300E4A77F /* MembershipDetailViewModel.swift */,
			);
			path = MembershipViewModel;
			sourceTree = "<group>";
		};
		B7886653205A1BBC00096F27 /* MembershipHelper */ = {
			isa = PBXGroup;
			children = (
				B7886654205A1BDB00096F27 /* Member.swift */,
				B7886656205A1C1600096F27 /* Merchant.swift */,
				B7886658205A1C3800096F27 /* Logo.swift */,
				B788665A205A1C5800096F27 /* Url.swift */,
			);
			path = MembershipHelper;
			sourceTree = "<group>";
		};
		B7AC7FD72057A7A900C0BFCA /* PopUpView */ = {
			isa = PBXGroup;
			children = (
				B7AC7FD82057A7CD00C0BFCA /* BasePopUpView.swift */,
				D9911861205BB0A600F701ED /* PopUpHelper.swift */,
				B7AC7FDA2057B60500C0BFCA /* PopUpView.swift */,
			);
			path = PopUpView;
			sourceTree = "<group>";
		};
		B7B1BC6B2058CB590042B3D4 /* Constants */ = {
			isa = PBXGroup;
			children = (
				B7B1BC6C2058CBA20042B3D4 /* Constants.swift */,
				B7B1BC6E2058CBB40042B3D4 /* Enum.swift */,
			);
			path = Constants;
			sourceTree = "<group>";
		};
		B7B1BC712058CFD60042B3D4 /* Base */ = {
			isa = PBXGroup;
			children = (
				B7B1BC722058CFF60042B3D4 /* BaseViewController.swift */,
				BC6E9DB7205A4AB100C5DF01 /* PRNewBaseVC.swift */,
				BC6E9DB8205A4AB100C5DF01 /* PRNewBaseVC.xib */,
			);
			path = Base;
			sourceTree = "<group>";
		};
		B7B1BC742058D37D0042B3D4 /* Cell */ = {
			isa = PBXGroup;
			children = (
				B7B1BC752058D38B0042B3D4 /* Membership */,
			);
			path = Cell;
			sourceTree = "<group>";
		};
		B7B1BC752058D38B0042B3D4 /* Membership */ = {
			isa = PBXGroup;
			children = (
				B73862612058FF1600C7004D /* SubView */,
				B7B1BC762058D45A0042B3D4 /* SearchMembershipCell.swift */,
				B7B1BC772058D45B0042B3D4 /* SearchMembershipCell.xib */,
				B7B1BC7B2058D6F40042B3D4 /* MembershipCell.swift */,
				B7B1BC7C2058D6F40042B3D4 /* MembershipCell.xib */,
				B75C4171205A4C1200E4A77F /* EmptyMembershipCell.swift */,
				B75C4172205A4C1200E4A77F /* EmptyMembershipCell.xib */,
			);
			path = Membership;
			sourceTree = "<group>";
		};
		B7B1BC812058D7FA0042B3D4 /* Fonts */ = {
			isa = PBXGroup;
			children = (
				B7B1BC822058D7FA0042B3D4 /* segoeuii.ttf */,
				B7B1BC832058D7FA0042B3D4 /* seguili.ttf */,
				B7B1BC842058D7FA0042B3D4 /* OstrichSans-Bold.otf */,
				B7B1BC852058D7FA0042B3D4 /* segoeuil.ttf */,
				B7B1BC862058D7FA0042B3D4 /* OstrichSans-Light.otf */,
				B7B1BC872058D7FA0042B3D4 /* segoeuiz.ttf */,
				B7B1BC882058D7FA0042B3D4 /* seguisli.ttf */,
				B7B1BC892058D7FA0042B3D4 /* segoeuisl.ttf */,
				B7B1BC8A2058D7FA0042B3D4 /* OstrichSans-Heavy.otf */,
				B7B1BC8B2058D7FA0042B3D4 /* ostrich-regular.ttf */,
				B7B1BC8C2058D7FA0042B3D4 /* OstrichSans-Medium.otf */,
				B7B1BC8D2058D7FA0042B3D4 /* seguisb.ttf */,
				B7B1BC8E2058D7FA0042B3D4 /* OstrichSans-Black.otf */,
				B7B1BC8F2058D7FA0042B3D4 /* segoeuib.ttf */,
				B7B1BC902058D7FA0042B3D4 /* seguibl.ttf */,
				B7B1BC912058D7FA0042B3D4 /* seguibli.ttf */,
				B7B1BC922058D7FA0042B3D4 /* seguisbi.ttf */,
				B7B1BC932058D7FA0042B3D4 /* segoeui.ttf */,
			);
			path = Fonts;
			sourceTree = "<group>";
		};
		BC6E9DC3205A52AD00C5DF01 /* PRTabbarCustom */ = {
			isa = PBXGroup;
			children = (
				BCBC960020562CE9004C1985 /* Tabbar */,
				BC6E9DBD205A529800C5DF01 /* PRTabbarCustom.swift */,
				BC6E9DBE205A529800C5DF01 /* PRTabbarCustom.xib */,
			);
			path = PRTabbarCustom;
			sourceTree = "<group>";
		};
		BC770A5A204CEE5D0052A285 = {
			isa = PBXGroup;
			children = (
				BC770A65204CEE5D0052A285 /* Prelens-jinny */,
				BC770A7A204CEE5D0052A285 /* Prelens-jinnyTests */,
				BC770A64204CEE5D0052A285 /* Products */,
				C2031F63C23FE59B8717BCA4 /* Pods */,
				41E1775A7640208EFCC65BDD /* Frameworks */,
			);
			sourceTree = "<group>";
		};
		BC770A64204CEE5D0052A285 /* Products */ = {
			isa = PBXGroup;
			children = (
				BC770A63204CEE5D0052A285 /* Prelens-jinny.app */,
			);
			name = Products;
			sourceTree = "<group>";
		};
		BC770A65204CEE5D0052A285 /* Prelens-jinny */ = {
			isa = PBXGroup;
			children = (
				BCBC958920562206004C1985 /* Components */,
				BCBC958D20562254004C1985 /* Services */,
				76469D0220563D5500E2950E /* ViewModels */,
				76469D0120563D4400E2950E /* Models */,
				BCBC95AC205626A0004C1985 /* Views */,
				BCBC960C20562EB1004C1985 /* Resource */,
				BC770A66204CEE5D0052A285 /* AppDelegate.swift */,
				BCBC9619205631ED004C1985 /* Main.storyboard */,
				BC770A6F204CEE5D0052A285 /* LaunchScreen.storyboard */,
				BC770A72204CEE5D0052A285 /* Info.plist */,
			);
			path = "Prelens-jinny";
			sourceTree = "<group>";
		};
		BC770A7A204CEE5D0052A285 /* Prelens-jinnyTests */ = {
			isa = PBXGroup;
			children = (
				BC770A7B204CEE5D0052A285 /* Prelens_jinnyTests.swift */,
				BC770A7D204CEE5D0052A285 /* Info.plist */,
			);
			path = "Prelens-jinnyTests";
			sourceTree = "<group>";
		};
		BC78F4952058D406003904E0 /* SideMenu */ = {
			isa = PBXGroup;
			children = (
				BC78F48F2058D3FC003904E0 /* PRSideMenuVC.swift */,
				BC78F4902058D3FC003904E0 /* PRSideMenuVC.xib */,
			);
			path = SideMenu;
			sourceTree = "<group>";
		};
		BCB04FE52057E6CC008F929F /* ListMembership */ = {
			isa = PBXGroup;
			children = (
				BCB04FEA2057E6CC008F929F /* PRMemberShipVC.swift */,
				BCB04FE62057E6CC008F929F /* PRMemberShipVC.xib */,
			);
			path = ListMembership;
			sourceTree = "<group>";
		};
		BCBC9588205621BB004C1985 /* Extension */ = {
			isa = PBXGroup;
			children = (
				BC3F1ADB204D1C1A0006A6F5 /* UIView+Extension.swift */,
				7642039E204E45DA00ECDD42 /* UIViewController+Extension.swift */,
				BCD220712053E92600EEC31A /* UIImage+Extension.swift */,
				BCFC256E204E9F26001988BB /* QRCode.swift */,
				769A742A205023B700414DFE /* NSObject+Extension.swift */,
				76508788205772D200199FBB /* String+Extension.swift */,
				B7AC7FDC2057B76C00C0BFCA /* UIButton+Extension.swift */,
				76A3F0CE2057C5ED007BC21A /* Observable+Operators.swift */,
			);
			path = Extension;
			sourceTree = "<group>";
		};
		BCBC958920562206004C1985 /* Components */ = {
			isa = PBXGroup;
			children = (
				B7B1BC6B2058CB590042B3D4 /* Constants */,
				BCBC9588205621BB004C1985 /* Extension */,
			);
			path = Components;
			sourceTree = "<group>";
		};
		BCBC958D20562254004C1985 /* Services */ = {
			isa = PBXGroup;
			children = (
				B765ECB42057D81C0095B443 /* LocalPersistence */,
				D991185A205B7AFE00F701ED /* APIServices */,
				BCBC95B020562839004C1985 /* Networking */,
			);
			path = Services;
			sourceTree = "<group>";
		};
		BCBC95942056239E004C1985 /* MenuBarView */ = {
			isa = PBXGroup;
			children = (
				76E29B122052654A0039CA45 /* MenuView.swift */,
			);
			path = MenuBarView;
			sourceTree = "<group>";
		};
		BCBC9595205623BE004C1985 /* BaseView */ = {
			isa = PBXGroup;
			children = (
				BC3F1AD3204D19480006A6F5 /* PRBaseView.swift */,
				BC6E9DB5205A4A4E00C5DF01 /* PRBaseViewXib.swift */,
			);
			path = BaseView;
			sourceTree = "<group>";
		};
		BCBC959720562411004C1985 /* CustomView */ = {
			isa = PBXGroup;
			children = (
				B7AC7FD72057A7A900C0BFCA /* PopUpView */,
				BC6E9DC3205A52AD00C5DF01 /* PRTabbarCustom */,
				BCBC95982056245C004C1985 /* PRBarButton */,
				BCBC9595205623BE004C1985 /* BaseView */,
				BCBC95942056239E004C1985 /* MenuBarView */,
			);
			path = CustomView;
			sourceTree = "<group>";
		};
		BCBC95982056245C004C1985 /* PRBarButton */ = {
			isa = PBXGroup;
			children = (
				BC3F1AD5204D19B10006A6F5 /* PRButtonTabbar.swift */,
				BC3F1AD6204D19B10006A6F5 /* PRButtonTabbar.xib */,
			);
			path = PRBarButton;
			sourceTree = "<group>";
		};
		BCBC959920562488004C1985 /* Setting */ = {
			isa = PBXGroup;
			children = (
				765027FF2051265300618C84 /* PRSettingViewController.swift */,
				765028002051265300618C84 /* PRSettingViewController.xib */,
			);
			path = Setting;
			sourceTree = "<group>";
		};
		BCBC95A6205625EB004C1985 /* Profile */ = {
			isa = PBXGroup;
			children = (
				BCBC95A920562621004C1985 /* ChangePassword */,
				BCBC95A720562613004C1985 /* EditProfile */,
				BCBC95AA2056262D004C1985 /* ViewProfile */,
			);
			path = Profile;
			sourceTree = "<group>";
		};
		BCBC95A720562613004C1985 /* EditProfile */ = {
			isa = PBXGroup;
			children = (
				767FF65B204D3ED600EA7DE9 /* PREditProfileViewController.swift */,
				767FF65C204D3ED600EA7DE9 /* PREditProfileViewController.xib */,
			);
			path = EditProfile;
			sourceTree = "<group>";
		};
		BCBC95A920562621004C1985 /* ChangePassword */ = {
			isa = PBXGroup;
			children = (
				765027DD2050D93500618C84 /* PRChangePassWordViewController.swift */,
				765027DE2050D93500618C84 /* PRChangePassWordViewController.xib */,
			);
			path = ChangePassword;
			sourceTree = "<group>";
		};
		BCBC95AA2056262D004C1985 /* ViewProfile */ = {
			isa = PBXGroup;
			children = (
				76E98F5620502FF600555BA1 /* PRProfileViewController.swift */,
				76E98F5720502FF600555BA1 /* PRProfileViewController.xib */,
			);
			path = ViewProfile;
			sourceTree = "<group>";
		};
		BCBC95AB2056267F004C1985 /* Controllers */ = {
			isa = PBXGroup;
			children = (
				B7B1BC712058CFD60042B3D4 /* Base */,
				BCBC960D20563012004C1985 /* Membership */,
				BCBC960420562D26004C1985 /* Redeem */,
				BCBC95E020562BB8004C1985 /* Login */,
				BCBC959920562488004C1985 /* Setting */,
				BCBC95A6205625EB004C1985 /* Profile */,
				BC78F4952058D406003904E0 /* SideMenu */,
			);
			path = Controllers;
			sourceTree = "<group>";
		};
		BCBC95AC205626A0004C1985 /* Views */ = {
			isa = PBXGroup;
			children = (
				B7B1BC742058D37D0042B3D4 /* Cell */,
				BCBC959720562411004C1985 /* CustomView */,
				BCBC95AB2056267F004C1985 /* Controllers */,
			);
			path = Views;
			sourceTree = "<group>";
		};
		BCBC95B020562839004C1985 /* Networking */ = {
			isa = PBXGroup;
			children = (
				D9911853205B7AC100F701ED /* ApiError.swift */,
				D991185F205BAB8900F701ED /* ResponseError.swift */,
				D9911851205B7AC100F701ED /* APIURL.swift */,
				D9911852205B7AC100F701ED /* Network.swift */,
				D991184F205B7AC100F701ED /* NetworkSession.swift */,
				D9911850205B7AC100F701ED /* Provider.swift */,
				D991184E205B7AC100F701ED /* Response.swift */,
			);
			path = Networking;
			sourceTree = "<group>";
		};
		BCBC95E020562BB8004C1985 /* Login */ = {
			isa = PBXGroup;
			children = (
				BCBC95E120562BB8004C1985 /* ForgotPassword */,
				BCBC95E420562BB8004C1985 /* SignUp */,
				BCBC95E720562BB8004C1985 /* SignIn */,
				BCBC95EA20562BB8004C1985 /* PRLoginViewController.xib */,
				BCBC95EB20562BB8004C1985 /* PRLoginViewController.swift */,
			);
			path = Login;
			sourceTree = "<group>";
		};
		BCBC95E120562BB8004C1985 /* ForgotPassword */ = {
			isa = PBXGroup;
			children = (
				BCBC95E220562BB8004C1985 /* PRForgotPasswordViewController.swift */,
				BCBC95E320562BB8004C1985 /* PRForgotPasswordViewController.xib */,
			);
			path = ForgotPassword;
			sourceTree = "<group>";
		};
		BCBC95E420562BB8004C1985 /* SignUp */ = {
			isa = PBXGroup;
			children = (
				BCBC95E520562BB8004C1985 /* PRSignUpViewController.xib */,
				BCBC95E620562BB8004C1985 /* PRSignUpViewController.swift */,
			);
			path = SignUp;
			sourceTree = "<group>";
		};
		BCBC95E720562BB8004C1985 /* SignIn */ = {
			isa = PBXGroup;
			children = (
				BCBC95E820562BB8004C1985 /* PRSignInViewController.swift */,
				BCBC95E920562BB8004C1985 /* PRSignInViewController.xib */,
			);
			path = SignIn;
			sourceTree = "<group>";
		};
		BCBC960020562CE9004C1985 /* Tabbar */ = {
			isa = PBXGroup;
			children = (
				BCBC960120562CE9004C1985 /* PRTabbarMainViewController.swift */,
			);
			path = Tabbar;
			sourceTree = "<group>";
		};
		BCBC960420562D26004C1985 /* Redeem */ = {
			isa = PBXGroup;
			children = (
				BCBC960520562D26004C1985 /* RedeemViewController.swift */,
				BCBC960620562D26004C1985 /* RedeemViewController.xib */,
			);
			path = Redeem;
			sourceTree = "<group>";
		};
		BCBC960C20562EB1004C1985 /* Resource */ = {
			isa = PBXGroup;
			children = (
				B7B1BC812058D7FA0042B3D4 /* Fonts */,
				BC770A6D204CEE5D0052A285 /* Assets.xcassets */,
			);
			path = Resource;
			sourceTree = "<group>";
		};
		BCBC960D20563012004C1985 /* Membership */ = {
			isa = PBXGroup;
			children = (
				B73862762059139000C7004D /* MembershipDetail */,
				BCB04FE52057E6CC008F929F /* ListMembership */,
				BCBC960E20563012004C1985 /* AddMembership */,
			);
			path = Membership;
			sourceTree = "<group>";
		};
		BCBC960E20563012004C1985 /* AddMembership */ = {
			isa = PBXGroup;
			children = (
				BCBC960F20563012004C1985 /* AddSuccess */,
				BCBC961220563012004C1985 /* AddManual */,
			);
			path = AddMembership;
			sourceTree = "<group>";
		};
		BCBC960F20563012004C1985 /* AddSuccess */ = {
			isa = PBXGroup;
			children = (
				BCBC961020563012004C1985 /* PRAddSuccessViewController.xib */,
				BCBC961120563012004C1985 /* PRAddSuccessViewController.swift */,
			);
			path = AddSuccess;
			sourceTree = "<group>";
		};
		BCBC961220563012004C1985 /* AddManual */ = {
			isa = PBXGroup;
			children = (
				BCBC961320563012004C1985 /* PRAddManualViewController.swift */,
				BCBC961420563012004C1985 /* PRAddManualViewController.xib */,
			);
			path = AddManual;
			sourceTree = "<group>";
		};
		C2031F63C23FE59B8717BCA4 /* Pods */ = {
			isa = PBXGroup;
			children = (
				C1AE769FDA25B9C573BB58A3 /* Pods-Prelens-jinny.debug.xcconfig */,
				BE2E5107BAEEE593CE0357A9 /* Pods-Prelens-jinny.release.xcconfig */,
				6AF27FE17FB7DA52D171D9B1 /* Pods-Prelens-jinnyTests.debug.xcconfig */,
				DC5EF78B9758D472E6EB020D /* Pods-Prelens-jinnyTests.release.xcconfig */,
			);
			name = Pods;
			sourceTree = "<group>";
		};
		D991185A205B7AFE00F701ED /* APIServices */ = {
			isa = PBXGroup;
			children = (
				D991185B205B7B1800F701ED /* AuthenticationService.swift */,
				D991185D205B82D900F701ED /* MembershipService.swift */,
			);
			path = APIServices;
			sourceTree = "<group>";
		};
/* End PBXGroup section */

/* Begin PBXNativeTarget section */
		BC770A62204CEE5D0052A285 /* Prelens-jinny */ = {
			isa = PBXNativeTarget;
			buildConfigurationList = BC770A80204CEE5D0052A285 /* Build configuration list for PBXNativeTarget "Prelens-jinny" */;
			buildPhases = (
				D63CB5A45ED37DFED26B1FEF /* [CP] Check Pods Manifest.lock */,
				BC770A5F204CEE5D0052A285 /* Sources */,
				BC770A60204CEE5D0052A285 /* Frameworks */,
				BC770A61204CEE5D0052A285 /* Resources */,
				EC8069F93B495D536F6A3A87 /* [CP] Embed Pods Frameworks */,
				9F174E9888A3CAE4E009E496 /* [CP] Copy Pods Resources */,
				B75C4179205A705900E4A77F /* ShellScript */,
			);
			buildRules = (
			);
			dependencies = (
			);
			name = "Prelens-jinny";
			productName = "Prelens-jinny";
			productReference = BC770A63204CEE5D0052A285 /* Prelens-jinny.app */;
			productType = "com.apple.product-type.application";
		};
/* End PBXNativeTarget section */

/* Begin PBXProject section */
		BC770A5B204CEE5D0052A285 /* Project object */ = {
			isa = PBXProject;
			attributes = {
				LastSwiftUpdateCheck = 0920;
				LastUpgradeCheck = 0920;
				ORGANIZATIONNAME = Lamp;
				TargetAttributes = {
					BC770A62204CEE5D0052A285 = {
						CreatedOnToolsVersion = 9.2;
						ProvisioningStyle = Manual;
					};
				};
			};
			buildConfigurationList = BC770A5E204CEE5D0052A285 /* Build configuration list for PBXProject "Prelens-jinny" */;
			compatibilityVersion = "Xcode 8.0";
			developmentRegion = en;
			hasScannedForEncodings = 0;
			knownRegions = (
				en,
				Base,
			);
			mainGroup = BC770A5A204CEE5D0052A285;
			productRefGroup = BC770A64204CEE5D0052A285 /* Products */;
			projectDirPath = "";
			projectRoot = "";
			targets = (
				BC770A62204CEE5D0052A285 /* Prelens-jinny */,
			);
		};
/* End PBXProject section */

/* Begin PBXResourcesBuildPhase section */
		BC770A61204CEE5D0052A285 /* Resources */ = {
			isa = PBXResourcesBuildPhase;
			buildActionMask = 2147483647;
			files = (
				B7B1BCA32058D7FA0042B3D4 /* seguibli.ttf in Resources */,
				B7B1BC9A2058D7FA0042B3D4 /* seguisli.ttf in Resources */,
				B7B1BC9F2058D7FA0042B3D4 /* seguisb.ttf in Resources */,
				B7B1BC9B2058D7FA0042B3D4 /* segoeuisl.ttf in Resources */,
				BCBC961A205631ED004C1985 /* Main.storyboard in Resources */,
				B7B1BCA22058D7FA0042B3D4 /* seguibl.ttf in Resources */,
				BCBC961820563012004C1985 /* PRAddManualViewController.xib in Resources */,
				B738627A205913CD00C7004D /* MembershipDetailVC.xib in Resources */,
				B7B1BCA02058D7FA0042B3D4 /* OstrichSans-Black.otf in Resources */,
				B7B1BCA52058D7FA0042B3D4 /* segoeui.ttf in Resources */,
				BC770A71204CEE5D0052A285 /* LaunchScreen.storyboard in Resources */,
				B7B1BC992058D7FA0042B3D4 /* segoeuiz.ttf in Resources */,
				BCBC95F120562BB8004C1985 /* PRSignInViewController.xib in Resources */,
				B7B1BC982058D7FA0042B3D4 /* OstrichSans-Light.otf in Resources */,
				B738627520590CE700C7004D /* MembershipFooterCell.xib in Resources */,
				B7B1BC962058D7FA0042B3D4 /* OstrichSans-Bold.otf in Resources */,
				B7B1BC9C2058D7FA0042B3D4 /* OstrichSans-Heavy.otf in Resources */,
				B7B1BC972058D7FA0042B3D4 /* segoeuil.ttf in Resources */,
				B7B1BCA42058D7FA0042B3D4 /* seguisbi.ttf in Resources */,
				BCBC961520563012004C1985 /* PRAddSuccessViewController.xib in Resources */,
				76E98F5A20502FF600555BA1 /* PRProfileViewController.xib in Resources */,
				B73862712059096700C7004D /* OtherHeaderCell.xib in Resources */,
				BCBC95F220562BB8004C1985 /* PRLoginViewController.xib in Resources */,
				BC3F1AD8204D19B10006A6F5 /* PRButtonTabbar.xib in Resources */,
				BCBC95EE20562BB8004C1985 /* PRSignUpViewController.xib in Resources */,
				B7B1BC7E2058D6F40042B3D4 /* MembershipCell.xib in Resources */,
				BC6E9DBB205A4AB100C5DF01 /* PRNewBaseVC.xib in Resources */,
				BC6E9DC1205A529800C5DF01 /* PRTabbarCustom.xib in Resources */,
				B7B1BC9E2058D7FA0042B3D4 /* OstrichSans-Medium.otf in Resources */,
				765028032051265300618C84 /* PRSettingViewController.xib in Resources */,
				767FF65F204D3ED600EA7DE9 /* PREditProfileViewController.xib in Resources */,
				B75C4174205A4C1200E4A77F /* EmptyMembershipCell.xib in Resources */,
				BCB04FEB2057E6CC008F929F /* PRMemberShipVC.xib in Resources */,
				B7B1BC952058D7FA0042B3D4 /* seguili.ttf in Resources */,
				B738626D205907AC00C7004D /* StarredHeaderCell.xib in Resources */,
				B7B1BC942058D7FA0042B3D4 /* segoeuii.ttf in Resources */,
				BC770A6E204CEE5D0052A285 /* Assets.xcassets in Resources */,
				BC78F4932058D3FC003904E0 /* PRSideMenuVC.xib in Resources */,
				BCBC960820562D26004C1985 /* RedeemViewController.xib in Resources */,
				B7B1BCA12058D7FA0042B3D4 /* segoeuib.ttf in Resources */,
				B7B1BC792058D45B0042B3D4 /* SearchMembershipCell.xib in Resources */,
				BCBC95ED20562BB8004C1985 /* PRForgotPasswordViewController.xib in Resources */,
				B7B1BC9D2058D7FA0042B3D4 /* ostrich-regular.ttf in Resources */,
				765027E12050D93500618C84 /* PRChangePassWordViewController.xib in Resources */,
			);
			runOnlyForDeploymentPostprocessing = 0;
		};
/* End PBXResourcesBuildPhase section */

/* Begin PBXShellScriptBuildPhase section */
		9F174E9888A3CAE4E009E496 /* [CP] Copy Pods Resources */ = {
			isa = PBXShellScriptBuildPhase;
			buildActionMask = 2147483647;
			files = (
			);
			inputPaths = (
			);
			name = "[CP] Copy Pods Resources";
			outputPaths = (
			);
			runOnlyForDeploymentPostprocessing = 0;
			shellPath = /bin/sh;
			shellScript = "\"${SRCROOT}/Pods/Target Support Files/Pods-Prelens-jinny/Pods-Prelens-jinny-resources.sh\"\n";
			showEnvVarsInLog = 0;
		};
		B75C4179205A705900E4A77F /* ShellScript */ = {
			isa = PBXShellScriptBuildPhase;
			buildActionMask = 2147483647;
			files = (
			);
			inputPaths = (
			);
			outputPaths = (
			);
			runOnlyForDeploymentPostprocessing = 0;
			shellPath = /bin/sh;
			shellScript = "if which swiftlint >/dev/null; then\necho \"swiftlint\"\nelse\necho \"warning: SwiftLint not installed, download from https://github.com/realm/SwiftLint\"\nfi";
		};
		D63CB5A45ED37DFED26B1FEF /* [CP] Check Pods Manifest.lock */ = {
			isa = PBXShellScriptBuildPhase;
			buildActionMask = 2147483647;
			files = (
			);
			inputPaths = (
				"${PODS_PODFILE_DIR_PATH}/Podfile.lock",
				"${PODS_ROOT}/Manifest.lock",
			);
			name = "[CP] Check Pods Manifest.lock";
			outputPaths = (
				"$(DERIVED_FILE_DIR)/Pods-Prelens-jinny-checkManifestLockResult.txt",
			);
			runOnlyForDeploymentPostprocessing = 0;
			shellPath = /bin/sh;
			shellScript = "diff \"${PODS_PODFILE_DIR_PATH}/Podfile.lock\" \"${PODS_ROOT}/Manifest.lock\" > /dev/null\nif [ $? != 0 ] ; then\n    # print error to STDERR\n    echo \"error: The sandbox is not in sync with the Podfile.lock. Run 'pod install' or update your CocoaPods installation.\" >&2\n    exit 1\nfi\n# This output is used by Xcode 'outputs' to avoid re-running this script phase.\necho \"SUCCESS\" > \"${SCRIPT_OUTPUT_FILE_0}\"\n";
			showEnvVarsInLog = 0;
		};
		EC8069F93B495D536F6A3A87 /* [CP] Embed Pods Frameworks */ = {
			isa = PBXShellScriptBuildPhase;
			buildActionMask = 2147483647;
			files = (
			);
			inputPaths = (
				"${SRCROOT}/Pods/Target Support Files/Pods-Prelens-jinny/Pods-Prelens-jinny-frameworks.sh",
				"${BUILT_PRODUCTS_DIR}/Action/Action.framework",
				"${BUILT_PRODUCTS_DIR}/Alamofire/Alamofire.framework",
				"${BUILT_PRODUCTS_DIR}/AlamofireObjectMapper/AlamofireObjectMapper.framework",
				"${BUILT_PRODUCTS_DIR}/IQKeyboardManagerSwift/IQKeyboardManagerSwift.framework",
				"${BUILT_PRODUCTS_DIR}/JTAppleCalendar/JTAppleCalendar.framework",
				"${BUILT_PRODUCTS_DIR}/KeychainSwift/KeychainSwift.framework",
				"${BUILT_PRODUCTS_DIR}/ObjectMapper/ObjectMapper.framework",
				"${BUILT_PRODUCTS_DIR}/PKHUD/PKHUD.framework",
				"${BUILT_PRODUCTS_DIR}/RxAlamofire/RxAlamofire.framework",
				"${BUILT_PRODUCTS_DIR}/RxCocoa/RxCocoa.framework",
				"${BUILT_PRODUCTS_DIR}/RxSwift/RxSwift.framework",
				"${BUILT_PRODUCTS_DIR}/SDWebImage/SDWebImage.framework",
				"${BUILT_PRODUCTS_DIR}/SwiftyJSON/SwiftyJSON.framework",
				"${BUILT_PRODUCTS_DIR}/UIScrollView-InfiniteScroll/UIScrollView_InfiniteScroll.framework",
			);
			name = "[CP] Embed Pods Frameworks";
			outputPaths = (
				"${TARGET_BUILD_DIR}/${FRAMEWORKS_FOLDER_PATH}/Action.framework",
				"${TARGET_BUILD_DIR}/${FRAMEWORKS_FOLDER_PATH}/Alamofire.framework",
				"${TARGET_BUILD_DIR}/${FRAMEWORKS_FOLDER_PATH}/AlamofireObjectMapper.framework",
				"${TARGET_BUILD_DIR}/${FRAMEWORKS_FOLDER_PATH}/IQKeyboardManagerSwift.framework",
				"${TARGET_BUILD_DIR}/${FRAMEWORKS_FOLDER_PATH}/JTAppleCalendar.framework",
				"${TARGET_BUILD_DIR}/${FRAMEWORKS_FOLDER_PATH}/KeychainSwift.framework",
				"${TARGET_BUILD_DIR}/${FRAMEWORKS_FOLDER_PATH}/ObjectMapper.framework",
				"${TARGET_BUILD_DIR}/${FRAMEWORKS_FOLDER_PATH}/PKHUD.framework",
				"${TARGET_BUILD_DIR}/${FRAMEWORKS_FOLDER_PATH}/RxAlamofire.framework",
				"${TARGET_BUILD_DIR}/${FRAMEWORKS_FOLDER_PATH}/RxCocoa.framework",
				"${TARGET_BUILD_DIR}/${FRAMEWORKS_FOLDER_PATH}/RxSwift.framework",
				"${TARGET_BUILD_DIR}/${FRAMEWORKS_FOLDER_PATH}/SDWebImage.framework",
				"${TARGET_BUILD_DIR}/${FRAMEWORKS_FOLDER_PATH}/SwiftyJSON.framework",
				"${TARGET_BUILD_DIR}/${FRAMEWORKS_FOLDER_PATH}/UIScrollView_InfiniteScroll.framework",
			);
			runOnlyForDeploymentPostprocessing = 0;
			shellPath = /bin/sh;
			shellScript = "\"${SRCROOT}/Pods/Target Support Files/Pods-Prelens-jinny/Pods-Prelens-jinny-frameworks.sh\"\n";
			showEnvVarsInLog = 0;
		};
/* End PBXShellScriptBuildPhase section */

/* Begin PBXSourcesBuildPhase section */
		BC770A5F204CEE5D0052A285 /* Sources */ = {
			isa = PBXSourcesBuildPhase;
			buildActionMask = 2147483647;
			files = (
				BC3F1ADC204D1C1A0006A6F5 /* UIView+Extension.swift in Sources */,
				BCE3495920565A5000B8C440 /* PRUser.swift in Sources */,
				D9911859205B7AC100F701ED /* ApiError.swift in Sources */,
				BCBC960720562D26004C1985 /* RedeemViewController.swift in Sources */,
				BC3F1AD4204D19480006A6F5 /* PRBaseView.swift in Sources */,
				7640C09B205B6B9800F384B4 /* ChangePasswordViewModel.swift in Sources */,
				7642039F204E45DA00ECDD42 /* UIViewController+Extension.swift in Sources */,
				D9911862205BB0A600F701ED /* PopUpHelper.swift in Sources */,
				765028012051265300618C84 /* PRSettingViewController.swift in Sources */,
				D991185C205B7B1800F701ED /* AuthenticationService.swift in Sources */,
				7610ADE920597208006AF99B /* ForgotPasswordViewModel.swift in Sources */,
				B73862702059096700C7004D /* OtherHeaderCell.swift in Sources */,
				B7886652205A154700096F27 /* MembershipViewModel.swift in Sources */,
				76508789205772D200199FBB /* String+Extension.swift in Sources */,
				BCBC960220562CE9004C1985 /* PRTabbarMainViewController.swift in Sources */,
				B7B1BC782058D45B0042B3D4 /* SearchMembershipCell.swift in Sources */,
				B7B1BC6D2058CBA20042B3D4 /* Constants.swift in Sources */,
				D9911857205B7AC100F701ED /* APIURL.swift in Sources */,
				B7AC7FDD2057B76C00C0BFCA /* UIButton+Extension.swift in Sources */,
				7640C098205A167100F384B4 /* PRForgotPassword.swift in Sources */,
				D9911860205BAB8900F701ED /* ResponseError.swift in Sources */,
				B7B1BC732058CFF60042B3D4 /* BaseViewController.swift in Sources */,
				B7B1BC6F2058CBB40042B3D4 /* Enum.swift in Sources */,
				B7886655205A1BDB00096F27 /* Member.swift in Sources */,
				BC3F1AD7204D19B10006A6F5 /* PRButtonTabbar.swift in Sources */,
				BCBC95F320562BB8004C1985 /* PRLoginViewController.swift in Sources */,
				B7AC7FD92057A7CD00C0BFCA /* BasePopUpView.swift in Sources */,
				B788665B205A1C5800096F27 /* Url.swift in Sources */,
				B738627420590CE700C7004D /* MembershipFooterCell.swift in Sources */,
				BC6E9DBF205A529800C5DF01 /* PRTabbarCustom.swift in Sources */,
				BCFC256F204E9F26001988BB /* QRCode.swift in Sources */,
				B7886659205A1C3800096F27 /* Logo.swift in Sources */,
				76E98F5820502FF600555BA1 /* PRProfileViewController.swift in Sources */,
				76A3F0CF2057C5ED007BC21A /* Observable+Operators.swift in Sources */,
				BCD2207D2053E92700EEC31A /* UIImage+Extension.swift in Sources */,
				B75C4173205A4C1200E4A77F /* EmptyMembershipCell.swift in Sources */,
				BCBC961720563012004C1985 /* PRAddManualViewController.swift in Sources */,
				D9911858205B7AC100F701ED /* Network.swift in Sources */,
				BC78F4912058D3FC003904E0 /* PRSideMenuVC.swift in Sources */,
				BCBC95F020562BB8004C1985 /* PRSignInViewController.swift in Sources */,
				B7B1BC7D2058D6F40042B3D4 /* MembershipCell.swift in Sources */,
				B7886657205A1C1600096F27 /* Merchant.swift in Sources */,
				BCBC95EC20562BB8004C1985 /* PRForgotPasswordViewController.swift in Sources */,
				D9911855205B7AC100F701ED /* NetworkSession.swift in Sources */,
				BC6E9DB6205A4A4E00C5DF01 /* PRBaseViewXib.swift in Sources */,
				B7AC7FDB2057B60500C0BFCA /* PopUpView.swift in Sources */,
				BCBC961620563012004C1985 /* PRAddSuccessViewController.swift in Sources */,
				B738626C205907AC00C7004D /* StarredHeaderCell.swift in Sources */,
				D991185E205B82D900F701ED /* MembershipService.swift in Sources */,
				D9911854205B7AC100F701ED /* Response.swift in Sources */,
				769A742B205023B700414DFE /* NSObject+Extension.swift in Sources */,
				76E29B132052654A0039CA45 /* MenuView.swift in Sources */,
				D9911856205B7AC100F701ED /* Provider.swift in Sources */,
				BCB04FEE2057E6CC008F929F /* PRMemberShipVC.swift in Sources */,
				765087862057716100199FBB /* SignInViewModel.swift in Sources */,
				BC36E974205846B1006A90A0 /* SignUpViewModel.swift in Sources */,
				B788664D205A043800096F27 /* Membership.swift in Sources */,
				B75C4176205A602300E4A77F /* MembershipDetailViewModel.swift in Sources */,
				BCBC95EF20562BB8004C1985 /* PRSignUpViewController.swift in Sources */,
				B7386279205913CD00C7004D /* MembershipDetailVC.swift in Sources */,
				B765ECB62057D89E0095B443 /* KeychainManager.swift in Sources */,
				BC6E9DB9205A4AB100C5DF01 /* PRNewBaseVC.swift in Sources */,
				767FF65D204D3ED600EA7DE9 /* PREditProfileViewController.swift in Sources */,
				BC770A67204CEE5D0052A285 /* AppDelegate.swift in Sources */,
				765027DF2050D93500618C84 /* PRChangePassWordViewController.swift in Sources */,
			);
			runOnlyForDeploymentPostprocessing = 0;
		};
/* End PBXSourcesBuildPhase section */

/* Begin PBXVariantGroup section */
		BC770A6F204CEE5D0052A285 /* LaunchScreen.storyboard */ = {
			isa = PBXVariantGroup;
			children = (
				BC770A70204CEE5D0052A285 /* Base */,
			);
			name = LaunchScreen.storyboard;
			sourceTree = "<group>";
		};
/* End PBXVariantGroup section */

/* Begin XCBuildConfiguration section */
		BC770A7E204CEE5D0052A285 /* Debug */ = {
			isa = XCBuildConfiguration;
			buildSettings = {
				ALWAYS_SEARCH_USER_PATHS = NO;
				CLANG_ANALYZER_NONNULL = YES;
				CLANG_ANALYZER_NUMBER_OBJECT_CONVERSION = YES_AGGRESSIVE;
				CLANG_CXX_LANGUAGE_STANDARD = "gnu++14";
				CLANG_CXX_LIBRARY = "libc++";
				CLANG_ENABLE_MODULES = YES;
				CLANG_ENABLE_OBJC_ARC = YES;
				CLANG_WARN_BLOCK_CAPTURE_AUTORELEASING = YES;
				CLANG_WARN_BOOL_CONVERSION = YES;
				CLANG_WARN_COMMA = YES;
				CLANG_WARN_CONSTANT_CONVERSION = YES;
				CLANG_WARN_DIRECT_OBJC_ISA_USAGE = YES_ERROR;
				CLANG_WARN_DOCUMENTATION_COMMENTS = YES;
				CLANG_WARN_EMPTY_BODY = YES;
				CLANG_WARN_ENUM_CONVERSION = YES;
				CLANG_WARN_INFINITE_RECURSION = YES;
				CLANG_WARN_INT_CONVERSION = YES;
				CLANG_WARN_NON_LITERAL_NULL_CONVERSION = YES;
				CLANG_WARN_OBJC_LITERAL_CONVERSION = YES;
				CLANG_WARN_OBJC_ROOT_CLASS = YES_ERROR;
				CLANG_WARN_RANGE_LOOP_ANALYSIS = YES;
				CLANG_WARN_STRICT_PROTOTYPES = YES;
				CLANG_WARN_SUSPICIOUS_MOVE = YES;
				CLANG_WARN_UNGUARDED_AVAILABILITY = YES_AGGRESSIVE;
				CLANG_WARN_UNREACHABLE_CODE = YES;
				CLANG_WARN__DUPLICATE_METHOD_MATCH = YES;
				CODE_SIGN_IDENTITY = "iPhone Developer";
				COPY_PHASE_STRIP = NO;
				DEBUG_INFORMATION_FORMAT = dwarf;
				ENABLE_STRICT_OBJC_MSGSEND = YES;
				ENABLE_TESTABILITY = YES;
				GCC_C_LANGUAGE_STANDARD = gnu11;
				GCC_DYNAMIC_NO_PIC = NO;
				GCC_NO_COMMON_BLOCKS = YES;
				GCC_OPTIMIZATION_LEVEL = 0;
				GCC_PREPROCESSOR_DEFINITIONS = (
					"DEBUG=1",
					"$(inherited)",
				);
				GCC_WARN_64_TO_32_BIT_CONVERSION = YES;
				GCC_WARN_ABOUT_RETURN_TYPE = YES_ERROR;
				GCC_WARN_UNDECLARED_SELECTOR = YES;
				GCC_WARN_UNINITIALIZED_AUTOS = YES_AGGRESSIVE;
				GCC_WARN_UNUSED_FUNCTION = YES;
				GCC_WARN_UNUSED_VARIABLE = YES;
				IPHONEOS_DEPLOYMENT_TARGET = 11.2;
				MTL_ENABLE_DEBUG_INFO = YES;
				ONLY_ACTIVE_ARCH = YES;
				SDKROOT = iphoneos;
				SWIFT_ACTIVE_COMPILATION_CONDITIONS = DEBUG;
				SWIFT_OPTIMIZATION_LEVEL = "-Onone";
			};
			name = Debug;
		};
		BC770A7F204CEE5D0052A285 /* Release */ = {
			isa = XCBuildConfiguration;
			buildSettings = {
				ALWAYS_SEARCH_USER_PATHS = NO;
				CLANG_ANALYZER_NONNULL = YES;
				CLANG_ANALYZER_NUMBER_OBJECT_CONVERSION = YES_AGGRESSIVE;
				CLANG_CXX_LANGUAGE_STANDARD = "gnu++14";
				CLANG_CXX_LIBRARY = "libc++";
				CLANG_ENABLE_MODULES = YES;
				CLANG_ENABLE_OBJC_ARC = YES;
				CLANG_WARN_BLOCK_CAPTURE_AUTORELEASING = YES;
				CLANG_WARN_BOOL_CONVERSION = YES;
				CLANG_WARN_COMMA = YES;
				CLANG_WARN_CONSTANT_CONVERSION = YES;
				CLANG_WARN_DIRECT_OBJC_ISA_USAGE = YES_ERROR;
				CLANG_WARN_DOCUMENTATION_COMMENTS = YES;
				CLANG_WARN_EMPTY_BODY = YES;
				CLANG_WARN_ENUM_CONVERSION = YES;
				CLANG_WARN_INFINITE_RECURSION = YES;
				CLANG_WARN_INT_CONVERSION = YES;
				CLANG_WARN_NON_LITERAL_NULL_CONVERSION = YES;
				CLANG_WARN_OBJC_LITERAL_CONVERSION = YES;
				CLANG_WARN_OBJC_ROOT_CLASS = YES_ERROR;
				CLANG_WARN_RANGE_LOOP_ANALYSIS = YES;
				CLANG_WARN_STRICT_PROTOTYPES = YES;
				CLANG_WARN_SUSPICIOUS_MOVE = YES;
				CLANG_WARN_UNGUARDED_AVAILABILITY = YES_AGGRESSIVE;
				CLANG_WARN_UNREACHABLE_CODE = YES;
				CLANG_WARN__DUPLICATE_METHOD_MATCH = YES;
				CODE_SIGN_IDENTITY = "iPhone Developer";
				COPY_PHASE_STRIP = NO;
				DEBUG_INFORMATION_FORMAT = "dwarf-with-dsym";
				ENABLE_NS_ASSERTIONS = NO;
				ENABLE_STRICT_OBJC_MSGSEND = YES;
				GCC_C_LANGUAGE_STANDARD = gnu11;
				GCC_NO_COMMON_BLOCKS = YES;
				GCC_WARN_64_TO_32_BIT_CONVERSION = YES;
				GCC_WARN_ABOUT_RETURN_TYPE = YES_ERROR;
				GCC_WARN_UNDECLARED_SELECTOR = YES;
				GCC_WARN_UNINITIALIZED_AUTOS = YES_AGGRESSIVE;
				GCC_WARN_UNUSED_FUNCTION = YES;
				GCC_WARN_UNUSED_VARIABLE = YES;
				IPHONEOS_DEPLOYMENT_TARGET = 11.2;
				MTL_ENABLE_DEBUG_INFO = NO;
				SDKROOT = iphoneos;
				SWIFT_OPTIMIZATION_LEVEL = "-Owholemodule";
				VALIDATE_PRODUCT = YES;
			};
			name = Release;
		};
		BC770A81204CEE5D0052A285 /* Debug */ = {
			isa = XCBuildConfiguration;
			baseConfigurationReference = C1AE769FDA25B9C573BB58A3 /* Pods-Prelens-jinny.debug.xcconfig */;
			buildSettings = {
				ASSETCATALOG_COMPILER_APPICON_NAME = AppIcon;
				CODE_SIGN_STYLE = Manual;
				DEVELOPMENT_TEAM = GU9U74T6LC;
				INFOPLIST_FILE = "Prelens-jinny/Info.plist";
				LD_RUNPATH_SEARCH_PATHS = "$(inherited) @executable_path/Frameworks";
				PRODUCT_BUNDLE_IDENTIFIER = sg.vinova.prelens;
				PRODUCT_NAME = "$(TARGET_NAME)";
				PROVISIONING_PROFILE = "179b8381-1f1d-413f-9731-806d592269a1";
				PROVISIONING_PROFILE_SPECIFIER = "match Development sg.vinova.prelens";
				SWIFT_VERSION = 4.0;
				TARGETED_DEVICE_FAMILY = "1,2";
			};
			name = Debug;
		};
		BC770A82204CEE5D0052A285 /* Release */ = {
			isa = XCBuildConfiguration;
			baseConfigurationReference = BE2E5107BAEEE593CE0357A9 /* Pods-Prelens-jinny.release.xcconfig */;
			buildSettings = {
				ASSETCATALOG_COMPILER_APPICON_NAME = AppIcon;
				"CODE_SIGN_IDENTITY[sdk=iphoneos*]" = "iPhone Distribution";
				CODE_SIGN_STYLE = Manual;
				DEVELOPMENT_TEAM = GU9U74T6LC;
				INFOPLIST_FILE = "Prelens-jinny/Info.plist";
				LD_RUNPATH_SEARCH_PATHS = "$(inherited) @executable_path/Frameworks";
				PRODUCT_BUNDLE_IDENTIFIER = sg.vinova.prelens;
				PRODUCT_NAME = "$(TARGET_NAME)";
				PROVISIONING_PROFILE = "d813a21e-8c86-4f33-b084-2951f8f4626d";
				PROVISIONING_PROFILE_SPECIFIER = "match InHouse sg.vinova.prelens";
				SWIFT_VERSION = 4.0;
				TARGETED_DEVICE_FAMILY = "1,2";
			};
			name = Release;
		};
/* End XCBuildConfiguration section */

/* Begin XCConfigurationList section */
		BC770A5E204CEE5D0052A285 /* Build configuration list for PBXProject "Prelens-jinny" */ = {
			isa = XCConfigurationList;
			buildConfigurations = (
				BC770A7E204CEE5D0052A285 /* Debug */,
				BC770A7F204CEE5D0052A285 /* Release */,
			);
			defaultConfigurationIsVisible = 0;
			defaultConfigurationName = Release;
		};
		BC770A80204CEE5D0052A285 /* Build configuration list for PBXNativeTarget "Prelens-jinny" */ = {
			isa = XCConfigurationList;
			buildConfigurations = (
				BC770A81204CEE5D0052A285 /* Debug */,
				BC770A82204CEE5D0052A285 /* Release */,
			);
			defaultConfigurationIsVisible = 0;
			defaultConfigurationName = Release;
		};
/* End XCConfigurationList section */
	};
	rootObject = BC770A5B204CEE5D0052A285 /* Project object */;
}
