// !$*UTF8*$!
{
	archiveVersion = 1;
	classes = {
	};
	objectVersion = 48;
	objects = {

/* Begin PBXBuildFile section */
		BC770A67204CEE5D0052A285 /* AppDelegate.swift in Sources */ = {isa = PBXBuildFile; fileRef = BC770A66204CEE5D0052A285 /* AppDelegate.swift */; };
		BC770A69204CEE5D0052A285 /* ViewController.swift in Sources */ = {isa = PBXBuildFile; fileRef = BC770A68204CEE5D0052A285 /* ViewController.swift */; };
		BC770A6C204CEE5D0052A285 /* Main.storyboard in Resources */ = {isa = PBXBuildFile; fileRef = BC770A6A204CEE5D0052A285 /* Main.storyboard */; };
		BC770A6E204CEE5D0052A285 /* Assets.xcassets in Resources */ = {isa = PBXBuildFile; fileRef = BC770A6D204CEE5D0052A285 /* Assets.xcassets */; };
		BC770A71204CEE5D0052A285 /* LaunchScreen.storyboard in Resources */ = {isa = PBXBuildFile; fileRef = BC770A6F204CEE5D0052A285 /* LaunchScreen.storyboard */; };
		BC770A7C204CEE5D0052A285 /* Prelens_jinnyTests.swift in Sources */ = {isa = PBXBuildFile; fileRef = BC770A7B204CEE5D0052A285 /* Prelens_jinnyTests.swift */; };
/* End PBXBuildFile section */

/* Begin PBXContainerItemProxy section */
		BC770A78204CEE5D0052A285 /* PBXContainerItemProxy */ = {
			isa = PBXContainerItemProxy;
			containerPortal = BC770A5B204CEE5D0052A285 /* Project object */;
			proxyType = 1;
			remoteGlobalIDString = BC770A62204CEE5D0052A285;
			remoteInfo = "Prelens-jinny";
		};
/* End PBXContainerItemProxy section */

/* Begin PBXFileReference section */
		BC770A63204CEE5D0052A285 /* Prelens-jinny.app */ = {isa = PBXFileReference; explicitFileType = wrapper.application; includeInIndex = 0; path = "Prelens-jinny.app"; sourceTree = BUILT_PRODUCTS_DIR; };
		BC770A66204CEE5D0052A285 /* AppDelegate.swift */ = {isa = PBXFileReference; lastKnownFileType = sourcecode.swift; path = AppDelegate.swift; sourceTree = "<group>"; };
		BC770A68204CEE5D0052A285 /* ViewController.swift */ = {isa = PBXFileReference; lastKnownFileType = sourcecode.swift; path = ViewController.swift; sourceTree = "<group>"; };
		BC770A6B204CEE5D0052A285 /* Base */ = {isa = PBXFileReference; lastKnownFileType = file.storyboard; name = Base; path = Base.lproj/Main.storyboard; sourceTree = "<group>"; };
		BC770A6D204CEE5D0052A285 /* Assets.xcassets */ = {isa = PBXFileReference; lastKnownFileType = folder.assetcatalog; path = Assets.xcassets; sourceTree = "<group>"; };
		BC770A70204CEE5D0052A285 /* Base */ = {isa = PBXFileReference; lastKnownFileType = file.storyboard; name = Base; path = Base.lproj/LaunchScreen.storyboard; sourceTree = "<group>"; };
		BC770A72204CEE5D0052A285 /* Info.plist */ = {isa = PBXFileReference; lastKnownFileType = text.plist.xml; path = Info.plist; sourceTree = "<group>"; };
		BC770A77204CEE5D0052A285 /* Prelens-jinnyTests.xctest */ = {isa = PBXFileReference; explicitFileType = wrapper.cfbundle; includeInIndex = 0; path = "Prelens-jinnyTests.xctest"; sourceTree = BUILT_PRODUCTS_DIR; };
		BC770A7B204CEE5D0052A285 /* Prelens_jinnyTests.swift */ = {isa = PBXFileReference; lastKnownFileType = sourcecode.swift; path = Prelens_jinnyTests.swift; sourceTree = "<group>"; };
		BC770A7D204CEE5D0052A285 /* Info.plist */ = {isa = PBXFileReference; lastKnownFileType = text.plist.xml; path = Info.plist; sourceTree = "<group>"; };
/* End PBXFileReference section */

/* Begin PBXFrameworksBuildPhase section */
		BC770A60204CEE5D0052A285 /* Frameworks */ = {
			isa = PBXFrameworksBuildPhase;
			buildActionMask = 2147483647;
			files = (
			);
			runOnlyForDeploymentPostprocessing = 0;
		};
		BC770A74204CEE5D0052A285 /* Frameworks */ = {
			isa = PBXFrameworksBuildPhase;
			buildActionMask = 2147483647;
			files = (
			);
			runOnlyForDeploymentPostprocessing = 0;
		};
/* End PBXFrameworksBuildPhase section */

/* Begin PBXGroup section */
		767FF650204D02ED00EA7DE9 /* ViewModel */ = {
			isa = PBXGroup;
			children = (
			);
			name = ViewModel;
			sourceTree = "<group>";
		};
		767FF651204D02FA00EA7DE9 /* View */ = {
			isa = PBXGroup;
			children = (
			);
			name = View;
			sourceTree = "<group>";
		};
		767FF652204D030500EA7DE9 /* Networking */ = {
			isa = PBXGroup;
			children = (
			);
			name = Networking;
			sourceTree = "<group>";
		};
		BC3F1AD0204D02590006A6F5 /* Model */ = {
			isa = PBXGroup;
			children = (
			);
			name = Model;
			sourceTree = "<group>";
		};
		BC770A5A204CEE5D0052A285 = {
			isa = PBXGroup;
			children = (
				BC770A65204CEE5D0052A285 /* Prelens-jinny */,
				BC770A7A204CEE5D0052A285 /* Prelens-jinnyTests */,
				BC770A64204CEE5D0052A285 /* Products */,
			);
			sourceTree = "<group>";
		};
		BC770A64204CEE5D0052A285 /* Products */ = {
			isa = PBXGroup;
			children = (
				BC770A63204CEE5D0052A285 /* Prelens-jinny.app */,
				BC770A77204CEE5D0052A285 /* Prelens-jinnyTests.xctest */,
			);
			name = Products;
			sourceTree = "<group>";
		};
		BC770A65204CEE5D0052A285 /* Prelens-jinny */ = {
			isa = PBXGroup;
			children = (
				767FF652204D030500EA7DE9 /* Networking */,
				767FF651204D02FA00EA7DE9 /* View */,
				767FF650204D02ED00EA7DE9 /* ViewModel */,
				BC3F1AD0204D02590006A6F5 /* Model */,
				BC770A66204CEE5D0052A285 /* AppDelegate.swift */,
				BC770A68204CEE5D0052A285 /* ViewController.swift */,
				BC770A6A204CEE5D0052A285 /* Main.storyboard */,
				BC770A6D204CEE5D0052A285 /* Assets.xcassets */,
				BC770A6F204CEE5D0052A285 /* LaunchScreen.storyboard */,
				BC770A72204CEE5D0052A285 /* Info.plist */,
			);
			path = "Prelens-jinny";
			sourceTree = "<group>";
		};
		BC770A7A204CEE5D0052A285 /* Prelens-jinnyTests */ = {
			isa = PBXGroup;
			children = (
				BC770A7B204CEE5D0052A285 /* Prelens_jinnyTests.swift */,
				BC770A7D204CEE5D0052A285 /* Info.plist */,
			);
			path = "Prelens-jinnyTests";
			sourceTree = "<group>";
		};
/* End PBXGroup section */

/* Begin PBXNativeTarget section */
		BC770A62204CEE5D0052A285 /* Prelens-jinny */ = {
			isa = PBXNativeTarget;
			buildConfigurationList = BC770A80204CEE5D0052A285 /* Build configuration list for PBXNativeTarget "Prelens-jinny" */;
			buildPhases = (
				BC770A5F204CEE5D0052A285 /* Sources */,
				BC770A60204CEE5D0052A285 /* Frameworks */,
				BC770A61204CEE5D0052A285 /* Resources */,
			);
			buildRules = (
			);
			dependencies = (
			);
			name = "Prelens-jinny";
			productName = "Prelens-jinny";
			productReference = BC770A63204CEE5D0052A285 /* Prelens-jinny.app */;
			productType = "com.apple.product-type.application";
		};
		BC770A76204CEE5D0052A285 /* Prelens-jinnyTests */ = {
			isa = PBXNativeTarget;
			buildConfigurationList = BC770A83204CEE5D0052A285 /* Build configuration list for PBXNativeTarget "Prelens-jinnyTests" */;
			buildPhases = (
				BC770A73204CEE5D0052A285 /* Sources */,
				BC770A74204CEE5D0052A285 /* Frameworks */,
				BC770A75204CEE5D0052A285 /* Resources */,
			);
			buildRules = (
			);
			dependencies = (
				BC770A79204CEE5D0052A285 /* PBXTargetDependency */,
			);
			name = "Prelens-jinnyTests";
			productName = "Prelens-jinnyTests";
			productReference = BC770A77204CEE5D0052A285 /* Prelens-jinnyTests.xctest */;
			productType = "com.apple.product-type.bundle.unit-test";
		};
/* End PBXNativeTarget section */

/* Begin PBXProject section */
		BC770A5B204CEE5D0052A285 /* Project object */ = {
			isa = PBXProject;
			attributes = {
				LastSwiftUpdateCheck = 0920;
				LastUpgradeCheck = 0920;
				ORGANIZATIONNAME = Lamp;
				TargetAttributes = {
					BC770A62204CEE5D0052A285 = {
						CreatedOnToolsVersion = 9.2;
						ProvisioningStyle = Automatic;
					};
					BC770A76204CEE5D0052A285 = {
						CreatedOnToolsVersion = 9.2;
						ProvisioningStyle = Automatic;
						TestTargetID = BC770A62204CEE5D0052A285;
					};
				};
			};
			buildConfigurationList = BC770A5E204CEE5D0052A285 /* Build configuration list for PBXProject "Prelens-jinny" */;
			compatibilityVersion = "Xcode 8.0";
			developmentRegion = en;
			hasScannedForEncodings = 0;
			knownRegions = (
				en,
				Base,
			);
			mainGroup = BC770A5A204CEE5D0052A285;
			productRefGroup = BC770A64204CEE5D0052A285 /* Products */;
			projectDirPath = "";
			projectRoot = "";
			targets = (
				BC770A62204CEE5D0052A285 /* Prelens-jinny */,
				BC770A76204CEE5D0052A285 /* Prelens-jinnyTests */,
			);
		};
/* End PBXProject section */

/* Begin PBXResourcesBuildPhase section */
		BC770A61204CEE5D0052A285 /* Resources */ = {
			isa = PBXResourcesBuildPhase;
			buildActionMask = 2147483647;
			files = (
				BC770A71204CEE5D0052A285 /* LaunchScreen.storyboard in Resources */,
				BC770A6E204CEE5D0052A285 /* Assets.xcassets in Resources */,
				BC770A6C204CEE5D0052A285 /* Main.storyboard in Resources */,
			);
			runOnlyForDeploymentPostprocessing = 0;
		};
		BC770A75204CEE5D0052A285 /* Resources */ = {
			isa = PBXResourcesBuildPhase;
			buildActionMask = 2147483647;
			files = (
			);
			runOnlyForDeploymentPostprocessing = 0;
		};
/* End PBXResourcesBuildPhase section */

/* Begin PBXSourcesBuildPhase section */
		BC770A5F204CEE5D0052A285 /* Sources */ = {
			isa = PBXSourcesBuildPhase;
			buildActionMask = 2147483647;
			files = (
				BC770A69204CEE5D0052A285 /* ViewController.swift in Sources */,
				BC770A67204CEE5D0052A285 /* AppDelegate.swift in Sources */,
			);
			runOnlyForDeploymentPostprocessing = 0;
		};
		BC770A73204CEE5D0052A285 /* Sources */ = {
			isa = PBXSourcesBuildPhase;
			buildActionMask = 2147483647;
			files = (
				BC770A7C204CEE5D0052A285 /* Prelens_jinnyTests.swift in Sources */,
			);
			runOnlyForDeploymentPostprocessing = 0;
		};
/* End PBXSourcesBuildPhase section */

/* Begin PBXTargetDependency section */
		BC770A79204CEE5D0052A285 /* PBXTargetDependency */ = {
			isa = PBXTargetDependency;
			target = BC770A62204CEE5D0052A285 /* Prelens-jinny */;
			targetProxy = BC770A78204CEE5D0052A285 /* PBXContainerItemProxy */;
		};
/* End PBXTargetDependency section */

/* Begin PBXVariantGroup section */
		BC770A6A204CEE5D0052A285 /* Main.storyboard */ = {
			isa = PBXVariantGroup;
			children = (
				BC770A6B204CEE5D0052A285 /* Base */,
			);
			name = Main.storyboard;
			sourceTree = "<group>";
		};
		BC770A6F204CEE5D0052A285 /* LaunchScreen.storyboard */ = {
			isa = PBXVariantGroup;
			children = (
				BC770A70204CEE5D0052A285 /* Base */,
			);
			name = LaunchScreen.storyboard;
			sourceTree = "<group>";
		};
/* End PBXVariantGroup section */

/* Begin XCBuildConfiguration section */
		BC770A7E204CEE5D0052A285 /* Debug */ = {
			isa = XCBuildConfiguration;
			buildSettings = {
				ALWAYS_SEARCH_USER_PATHS = NO;
				CLANG_ANALYZER_NONNULL = YES;
				CLANG_ANALYZER_NUMBER_OBJECT_CONVERSION = YES_AGGRESSIVE;
				CLANG_CXX_LANGUAGE_STANDARD = "gnu++14";
				CLANG_CXX_LIBRARY = "libc++";
				CLANG_ENABLE_MODULES = YES;
				CLANG_ENABLE_OBJC_ARC = YES;
				CLANG_WARN_BLOCK_CAPTURE_AUTORELEASING = YES;
				CLANG_WARN_BOOL_CONVERSION = YES;
				CLANG_WARN_COMMA = YES;
				CLANG_WARN_CONSTANT_CONVERSION = YES;
				CLANG_WARN_DIRECT_OBJC_ISA_USAGE = YES_ERROR;
				CLANG_WARN_DOCUMENTATION_COMMENTS = YES;
				CLANG_WARN_EMPTY_BODY = YES;
				CLANG_WARN_ENUM_CONVERSION = YES;
				CLANG_WARN_INFINITE_RECURSION = YES;
				CLANG_WARN_INT_CONVERSION = YES;
				CLANG_WARN_NON_LITERAL_NULL_CONVERSION = YES;
				CLANG_WARN_OBJC_LITERAL_CONVERSION = YES;
				CLANG_WARN_OBJC_ROOT_CLASS = YES_ERROR;
				CLANG_WARN_RANGE_LOOP_ANALYSIS = YES;
				CLANG_WARN_STRICT_PROTOTYPES = YES;
				CLANG_WARN_SUSPICIOUS_MOVE = YES;
				CLANG_WARN_UNGUARDED_AVAILABILITY = YES_AGGRESSIVE;
				CLANG_WARN_UNREACHABLE_CODE = YES;
				CLANG_WARN__DUPLICATE_METHOD_MATCH = YES;
				CODE_SIGN_IDENTITY = "iPhone Developer";
				COPY_PHASE_STRIP = NO;
				DEBUG_INFORMATION_FORMAT = dwarf;
				ENABLE_STRICT_OBJC_MSGSEND = YES;
				ENABLE_TESTABILITY = YES;
				GCC_C_LANGUAGE_STANDARD = gnu11;
				GCC_DYNAMIC_NO_PIC = NO;
				GCC_NO_COMMON_BLOCKS = YES;
				GCC_OPTIMIZATION_LEVEL = 0;
				GCC_PREPROCESSOR_DEFINITIONS = (
					"DEBUG=1",
					"$(inherited)",
				);
				GCC_WARN_64_TO_32_BIT_CONVERSION = YES;
				GCC_WARN_ABOUT_RETURN_TYPE = YES_ERROR;
				GCC_WARN_UNDECLARED_SELECTOR = YES;
				GCC_WARN_UNINITIALIZED_AUTOS = YES_AGGRESSIVE;
				GCC_WARN_UNUSED_FUNCTION = YES;
				GCC_WARN_UNUSED_VARIABLE = YES;
				IPHONEOS_DEPLOYMENT_TARGET = 11.2;
				MTL_ENABLE_DEBUG_INFO = YES;
				ONLY_ACTIVE_ARCH = YES;
				SDKROOT = iphoneos;
				SWIFT_ACTIVE_COMPILATION_CONDITIONS = DEBUG;
				SWIFT_OPTIMIZATION_LEVEL = "-Onone";
			};
			name = Debug;
		};
		BC770A7F204CEE5D0052A285 /* Release */ = {
			isa = XCBuildConfiguration;
			buildSettings = {
				ALWAYS_SEARCH_USER_PATHS = NO;
				CLANG_ANALYZER_NONNULL = YES;
				CLANG_ANALYZER_NUMBER_OBJECT_CONVERSION = YES_AGGRESSIVE;
				CLANG_CXX_LANGUAGE_STANDARD = "gnu++14";
				CLANG_CXX_LIBRARY = "libc++";
				CLANG_ENABLE_MODULES = YES;
				CLANG_ENABLE_OBJC_ARC = YES;
				CLANG_WARN_BLOCK_CAPTURE_AUTORELEASING = YES;
				CLANG_WARN_BOOL_CONVERSION = YES;
				CLANG_WARN_COMMA = YES;
				CLANG_WARN_CONSTANT_CONVERSION = YES;
				CLANG_WARN_DIRECT_OBJC_ISA_USAGE = YES_ERROR;
				CLANG_WARN_DOCUMENTATION_COMMENTS = YES;
				CLANG_WARN_EMPTY_BODY = YES;
				CLANG_WARN_ENUM_CONVERSION = YES;
				CLANG_WARN_INFINITE_RECURSION = YES;
				CLANG_WARN_INT_CONVERSION = YES;
				CLANG_WARN_NON_LITERAL_NULL_CONVERSION = YES;
				CLANG_WARN_OBJC_LITERAL_CONVERSION = YES;
				CLANG_WARN_OBJC_ROOT_CLASS = YES_ERROR;
				CLANG_WARN_RANGE_LOOP_ANALYSIS = YES;
				CLANG_WARN_STRICT_PROTOTYPES = YES;
				CLANG_WARN_SUSPICIOUS_MOVE = YES;
				CLANG_WARN_UNGUARDED_AVAILABILITY = YES_AGGRESSIVE;
				CLANG_WARN_UNREACHABLE_CODE = YES;
				CLANG_WARN__DUPLICATE_METHOD_MATCH = YES;
				CODE_SIGN_IDENTITY = "iPhone Developer";
				COPY_PHASE_STRIP = NO;
				DEBUG_INFORMATION_FORMAT = "dwarf-with-dsym";
				ENABLE_NS_ASSERTIONS = NO;
				ENABLE_STRICT_OBJC_MSGSEND = YES;
				GCC_C_LANGUAGE_STANDARD = gnu11;
				GCC_NO_COMMON_BLOCKS = YES;
				GCC_WARN_64_TO_32_BIT_CONVERSION = YES;
				GCC_WARN_ABOUT_RETURN_TYPE = YES_ERROR;
				GCC_WARN_UNDECLARED_SELECTOR = YES;
				GCC_WARN_UNINITIALIZED_AUTOS = YES_AGGRESSIVE;
				GCC_WARN_UNUSED_FUNCTION = YES;
				GCC_WARN_UNUSED_VARIABLE = YES;
				IPHONEOS_DEPLOYMENT_TARGET = 11.2;
				MTL_ENABLE_DEBUG_INFO = NO;
				SDKROOT = iphoneos;
				SWIFT_OPTIMIZATION_LEVEL = "-Owholemodule";
				VALIDATE_PRODUCT = YES;
			};
			name = Release;
		};
		BC770A81204CEE5D0052A285 /* Debug */ = {
			isa = XCBuildConfiguration;
			buildSettings = {
				ASSETCATALOG_COMPILER_APPICON_NAME = AppIcon;
				CODE_SIGN_STYLE = Automatic;
				INFOPLIST_FILE = "Prelens-jinny/Info.plist";
				LD_RUNPATH_SEARCH_PATHS = "$(inherited) @executable_path/Frameworks";
				PRODUCT_BUNDLE_IDENTIFIER = "test.Prelens-jinny";
				PRODUCT_NAME = "$(TARGET_NAME)";
				SWIFT_VERSION = 4.0;
				TARGETED_DEVICE_FAMILY = "1,2";
			};
			name = Debug;
		};
		BC770A82204CEE5D0052A285 /* Release */ = {
			isa = XCBuildConfiguration;
			buildSettings = {
				ASSETCATALOG_COMPILER_APPICON_NAME = AppIcon;
				CODE_SIGN_STYLE = Automatic;
				INFOPLIST_FILE = "Prelens-jinny/Info.plist";
				LD_RUNPATH_SEARCH_PATHS = "$(inherited) @executable_path/Frameworks";
				PRODUCT_BUNDLE_IDENTIFIER = "test.Prelens-jinny";
				PRODUCT_NAME = "$(TARGET_NAME)";
				SWIFT_VERSION = 4.0;
				TARGETED_DEVICE_FAMILY = "1,2";
			};
			name = Release;
		};
		BC770A84204CEE5D0052A285 /* Debug */ = {
			isa = XCBuildConfiguration;
			buildSettings = {
				ALWAYS_EMBED_SWIFT_STANDARD_LIBRARIES = YES;
				BUNDLE_LOADER = "$(TEST_HOST)";
				CODE_SIGN_STYLE = Automatic;
				INFOPLIST_FILE = "Prelens-jinnyTests/Info.plist";
				LD_RUNPATH_SEARCH_PATHS = "$(inherited) @executable_path/Frameworks @loader_path/Frameworks";
				PRODUCT_BUNDLE_IDENTIFIER = "test.Prelens-jinnyTests";
				PRODUCT_NAME = "$(TARGET_NAME)";
				SWIFT_VERSION = 4.0;
				TARGETED_DEVICE_FAMILY = "1,2";
				TEST_HOST = "$(BUILT_PRODUCTS_DIR)/Prelens-jinny.app/Prelens-jinny";
			};
			name = Debug;
		};
		BC770A85204CEE5D0052A285 /* Release */ = {
			isa = XCBuildConfiguration;
			buildSettings = {
				ALWAYS_EMBED_SWIFT_STANDARD_LIBRARIES = YES;
				BUNDLE_LOADER = "$(TEST_HOST)";
				CODE_SIGN_STYLE = Automatic;
				INFOPLIST_FILE = "Prelens-jinnyTests/Info.plist";
				LD_RUNPATH_SEARCH_PATHS = "$(inherited) @executable_path/Frameworks @loader_path/Frameworks";
				PRODUCT_BUNDLE_IDENTIFIER = "test.Prelens-jinnyTests";
				PRODUCT_NAME = "$(TARGET_NAME)";
				SWIFT_VERSION = 4.0;
				TARGETED_DEVICE_FAMILY = "1,2";
				TEST_HOST = "$(BUILT_PRODUCTS_DIR)/Prelens-jinny.app/Prelens-jinny";
			};
			name = Release;
		};
/* End XCBuildConfiguration section */

/* Begin XCConfigurationList section */
		BC770A5E204CEE5D0052A285 /* Build configuration list for PBXProject "Prelens-jinny" */ = {
			isa = XCConfigurationList;
			buildConfigurations = (
				BC770A7E204CEE5D0052A285 /* Debug */,
				BC770A7F204CEE5D0052A285 /* Release */,
			);
			defaultConfigurationIsVisible = 0;
			defaultConfigurationName = Release;
		};
		BC770A80204CEE5D0052A285 /* Build configuration list for PBXNativeTarget "Prelens-jinny" */ = {
			isa = XCConfigurationList;
			buildConfigurations = (
				BC770A81204CEE5D0052A285 /* Debug */,
				BC770A82204CEE5D0052A285 /* Release */,
			);
			defaultConfigurationIsVisible = 0;
			defaultConfigurationName = Release;
		};
		BC770A83204CEE5D0052A285 /* Build configuration list for PBXNativeTarget "Prelens-jinnyTests" */ = {
			isa = XCConfigurationList;
			buildConfigurations = (
				BC770A84204CEE5D0052A285 /* Debug */,
				BC770A85204CEE5D0052A285 /* Release */,
			);
			defaultConfigurationIsVisible = 0;
			defaultConfigurationName = Release;
		};
/* End XCConfigurationList section */
	};
	rootObject = BC770A5B204CEE5D0052A285 /* Project object */;
}
